// !$*UTF8*$!
{
	archiveVersion = 1;
	classes = {
	};
	objectVersion = 56;
	objects = {

/* Begin PBXBuildFile section */
		BE413A4D2C4AE74000029341 /* CustomNavigationBar.xib in Resources */ = {isa = PBXBuildFile; fileRef = BE413A462C4AE74000029341 /* CustomNavigationBar.xib */; };
		BE413A4E2C4AE74000029341 /* CustomNavigationBar.swift in Sources */ = {isa = PBXBuildFile; fileRef = BE413A472C4AE74000029341 /* CustomNavigationBar.swift */; };
		BE413A532C4AEB2B00029341 /* movie.xcassets in Resources */ = {isa = PBXBuildFile; fileRef = BE413A522C4AEB2B00029341 /* movie.xcassets */; };
		BE413A572C4AEFCC00029341 /* MovieItem.swift in Sources */ = {isa = PBXBuildFile; fileRef = BE413A552C4AEFCC00029341 /* MovieItem.swift */; };
		BE413A582C4AEFCC00029341 /* MovieItem.xib in Resources */ = {isa = PBXBuildFile; fileRef = BE413A562C4AEFCC00029341 /* MovieItem.xib */; };
		BE413A5F2C4B053900029341 /* UIViewExtension.swift in Sources */ = {isa = PBXBuildFile; fileRef = BE413A5E2C4B053900029341 /* UIViewExtension.swift */; };
		BE413A612C4B085500029341 /* ImageLoader.swift in Sources */ = {isa = PBXBuildFile; fileRef = BE413A602C4B085500029341 /* ImageLoader.swift */; };
		BE413A692C4B0D4400029341 /* NowPlayingListViewController.swift in Sources */ = {isa = PBXBuildFile; fileRef = BE413A682C4B0D4400029341 /* NowPlayingListViewController.swift */; };
		BE413A6C2C4B2A3B00029341 /* MovieItemCell.swift in Sources */ = {isa = PBXBuildFile; fileRef = BE413A6A2C4B2A3B00029341 /* MovieItemCell.swift */; };
		BE413A6D2C4B2A3B00029341 /* MovieItemCell.xib in Resources */ = {isa = PBXBuildFile; fileRef = BE413A6B2C4B2A3B00029341 /* MovieItemCell.xib */; };
		BE413A6F2C4BC7BD00029341 /* GetListMoviesUsecaseContract.swift in Sources */ = {isa = PBXBuildFile; fileRef = BE413A6E2C4BC7BD00029341 /* GetListMoviesUsecaseContract.swift */; };
		BE413A702C4BC7BD00029341 /* GetListMoviesUsecaseContract.swift in Sources */ = {isa = PBXBuildFile; fileRef = BE413A6E2C4BC7BD00029341 /* GetListMoviesUsecaseContract.swift */; };
		BE413A712C4BC7BD00029341 /* GetListMoviesUsecaseContract.swift in Sources */ = {isa = PBXBuildFile; fileRef = BE413A6E2C4BC7BD00029341 /* GetListMoviesUsecaseContract.swift */; };
		BE413A732C4BCE3A00029341 /* NowPlayingListViewModel.swift in Sources */ = {isa = PBXBuildFile; fileRef = BE413A722C4BCE3A00029341 /* NowPlayingListViewModel.swift */; };
		BE413A742C4BCE3A00029341 /* NowPlayingListViewModel.swift in Sources */ = {isa = PBXBuildFile; fileRef = BE413A722C4BCE3A00029341 /* NowPlayingListViewModel.swift */; };
		BE413A752C4BCE3A00029341 /* NowPlayingListViewModel.swift in Sources */ = {isa = PBXBuildFile; fileRef = BE413A722C4BCE3A00029341 /* NowPlayingListViewModel.swift */; };
		BE413A782C4BD4A800029341 /* NowPlayingListViewModelProvider.swift in Sources */ = {isa = PBXBuildFile; fileRef = BE413A772C4BD4A800029341 /* NowPlayingListViewModelProvider.swift */; };
		BE413A792C4BD4A800029341 /* NowPlayingListViewModelProvider.swift in Sources */ = {isa = PBXBuildFile; fileRef = BE413A772C4BD4A800029341 /* NowPlayingListViewModelProvider.swift */; };
		BE413A7A2C4BD4A800029341 /* NowPlayingListViewModelProvider.swift in Sources */ = {isa = PBXBuildFile; fileRef = BE413A772C4BD4A800029341 /* NowPlayingListViewModelProvider.swift */; };
		BE413A7D2C4BE13100029341 /* ListMovieViewModelTests.swift in Sources */ = {isa = PBXBuildFile; fileRef = BE413A7C2C4BE13100029341 /* ListMovieViewModelTests.swift */; };
		BE413A832C4BE8DB00029341 /* BasicViewController.swift in Sources */ = {isa = PBXBuildFile; fileRef = BE413A822C4BE8DB00029341 /* BasicViewController.swift */; };
		BE413A842C4BE8DB00029341 /* BasicViewController.swift in Sources */ = {isa = PBXBuildFile; fileRef = BE413A822C4BE8DB00029341 /* BasicViewController.swift */; };
		BE413A852C4BE8DB00029341 /* BasicViewController.swift in Sources */ = {isa = PBXBuildFile; fileRef = BE413A822C4BE8DB00029341 /* BasicViewController.swift */; };
		BE413A8A2C4C176100029341 /* PopularListMovieViewController.swift in Sources */ = {isa = PBXBuildFile; fileRef = BE413A882C4C176100029341 /* PopularListMovieViewController.swift */; };
		BE413A8B2C4C176100029341 /* PopularListMovieViewController.swift in Sources */ = {isa = PBXBuildFile; fileRef = BE413A882C4C176100029341 /* PopularListMovieViewController.swift */; };
		BE413A8C2C4C176100029341 /* PopularListMovieViewController.swift in Sources */ = {isa = PBXBuildFile; fileRef = BE413A882C4C176100029341 /* PopularListMovieViewController.swift */; };
		BE413A8D2C4C176100029341 /* PopularListMovieViewModel.swift in Sources */ = {isa = PBXBuildFile; fileRef = BE413A892C4C176100029341 /* PopularListMovieViewModel.swift */; };
		BE413A8E2C4C176100029341 /* PopularListMovieViewModel.swift in Sources */ = {isa = PBXBuildFile; fileRef = BE413A892C4C176100029341 /* PopularListMovieViewModel.swift */; };
		BE413A8F2C4C176100029341 /* PopularListMovieViewModel.swift in Sources */ = {isa = PBXBuildFile; fileRef = BE413A892C4C176100029341 /* PopularListMovieViewModel.swift */; };
		BE413A922C4C177100029341 /* UpcomingListMovieViewController.swift in Sources */ = {isa = PBXBuildFile; fileRef = BE413A902C4C177100029341 /* UpcomingListMovieViewController.swift */; };
		BE413A932C4C177100029341 /* UpcomingListMovieViewController.swift in Sources */ = {isa = PBXBuildFile; fileRef = BE413A902C4C177100029341 /* UpcomingListMovieViewController.swift */; };
		BE413A942C4C177100029341 /* UpcomingListMovieViewController.swift in Sources */ = {isa = PBXBuildFile; fileRef = BE413A902C4C177100029341 /* UpcomingListMovieViewController.swift */; };
		BE413A952C4C177100029341 /* UpcomingListMovieViewModel.swift in Sources */ = {isa = PBXBuildFile; fileRef = BE413A912C4C177100029341 /* UpcomingListMovieViewModel.swift */; };
		BE413A962C4C177100029341 /* UpcomingListMovieViewModel.swift in Sources */ = {isa = PBXBuildFile; fileRef = BE413A912C4C177100029341 /* UpcomingListMovieViewModel.swift */; };
		BE413A972C4C177100029341 /* UpcomingListMovieViewModel.swift in Sources */ = {isa = PBXBuildFile; fileRef = BE413A912C4C177100029341 /* UpcomingListMovieViewModel.swift */; };
		BE413A992C4C194D00029341 /* UpcomingListMovieViewModelProvider.swift in Sources */ = {isa = PBXBuildFile; fileRef = BE413A982C4C194D00029341 /* UpcomingListMovieViewModelProvider.swift */; };
		BE413A9A2C4C194D00029341 /* UpcomingListMovieViewModelProvider.swift in Sources */ = {isa = PBXBuildFile; fileRef = BE413A982C4C194D00029341 /* UpcomingListMovieViewModelProvider.swift */; };
		BE413A9B2C4C194D00029341 /* UpcomingListMovieViewModelProvider.swift in Sources */ = {isa = PBXBuildFile; fileRef = BE413A982C4C194D00029341 /* UpcomingListMovieViewModelProvider.swift */; };
		BE413A9D2C4C1A1C00029341 /* PopularListMovieViewModelProvider.swift in Sources */ = {isa = PBXBuildFile; fileRef = BE413A9C2C4C1A1B00029341 /* PopularListMovieViewModelProvider.swift */; };
		BE413A9E2C4C1A1C00029341 /* PopularListMovieViewModelProvider.swift in Sources */ = {isa = PBXBuildFile; fileRef = BE413A9C2C4C1A1B00029341 /* PopularListMovieViewModelProvider.swift */; };
		BE413A9F2C4C1A1C00029341 /* PopularListMovieViewModelProvider.swift in Sources */ = {isa = PBXBuildFile; fileRef = BE413A9C2C4C1A1B00029341 /* PopularListMovieViewModelProvider.swift */; };
		BE413AA22C4C259F00029341 /* MovieDetailsViewController.swift in Sources */ = {isa = PBXBuildFile; fileRef = BE413AA12C4C259F00029341 /* MovieDetailsViewController.swift */; };
		BE413AA32C4C259F00029341 /* MovieDetailsViewController.swift in Sources */ = {isa = PBXBuildFile; fileRef = BE413AA12C4C259F00029341 /* MovieDetailsViewController.swift */; };
		BE413AA42C4C259F00029341 /* MovieDetailsViewController.swift in Sources */ = {isa = PBXBuildFile; fileRef = BE413AA12C4C259F00029341 /* MovieDetailsViewController.swift */; };
		BE413AA62C4C25C800029341 /* MovieDetailsViewModel.swift in Sources */ = {isa = PBXBuildFile; fileRef = BE413AA52C4C25C800029341 /* MovieDetailsViewModel.swift */; };
		BE413AA72C4C25C800029341 /* MovieDetailsViewModel.swift in Sources */ = {isa = PBXBuildFile; fileRef = BE413AA52C4C25C800029341 /* MovieDetailsViewModel.swift */; };
		BE413AA82C4C25C800029341 /* MovieDetailsViewModel.swift in Sources */ = {isa = PBXBuildFile; fileRef = BE413AA52C4C25C800029341 /* MovieDetailsViewModel.swift */; };
		BE413AAA2C4C3FB500029341 /* MovieDetailsDataModel.swift in Sources */ = {isa = PBXBuildFile; fileRef = BE413AA92C4C3FB500029341 /* MovieDetailsDataModel.swift */; };
		BE413AAB2C4C3FB500029341 /* MovieDetailsDataModel.swift in Sources */ = {isa = PBXBuildFile; fileRef = BE413AA92C4C3FB500029341 /* MovieDetailsDataModel.swift */; };
		BE413AAC2C4C3FB500029341 /* MovieDetailsDataModel.swift in Sources */ = {isa = PBXBuildFile; fileRef = BE413AA92C4C3FB500029341 /* MovieDetailsDataModel.swift */; };
		BE413AAE2C4C41FB00029341 /* MovieDetails.swift in Sources */ = {isa = PBXBuildFile; fileRef = BE413AAD2C4C41FB00029341 /* MovieDetails.swift */; };
		BE413AAF2C4C41FB00029341 /* MovieDetails.swift in Sources */ = {isa = PBXBuildFile; fileRef = BE413AAD2C4C41FB00029341 /* MovieDetails.swift */; };
		BE413AB02C4C41FB00029341 /* MovieDetails.swift in Sources */ = {isa = PBXBuildFile; fileRef = BE413AAD2C4C41FB00029341 /* MovieDetails.swift */; };
		BE413AB22C4C428000029341 /* ProductionCountryDataMapper.swift in Sources */ = {isa = PBXBuildFile; fileRef = BE413AB12C4C428000029341 /* ProductionCountryDataMapper.swift */; };
		BE413AB32C4C428000029341 /* ProductionCountryDataMapper.swift in Sources */ = {isa = PBXBuildFile; fileRef = BE413AB12C4C428000029341 /* ProductionCountryDataMapper.swift */; };
		BE413AB42C4C428000029341 /* ProductionCountryDataMapper.swift in Sources */ = {isa = PBXBuildFile; fileRef = BE413AB12C4C428000029341 /* ProductionCountryDataMapper.swift */; };
		BE413AB62C4C42B700029341 /* BelongsToCollectionDataMapper.swift in Sources */ = {isa = PBXBuildFile; fileRef = BE413AB52C4C42B700029341 /* BelongsToCollectionDataMapper.swift */; };
		BE413AB72C4C42B700029341 /* BelongsToCollectionDataMapper.swift in Sources */ = {isa = PBXBuildFile; fileRef = BE413AB52C4C42B700029341 /* BelongsToCollectionDataMapper.swift */; };
		BE413AB82C4C42B700029341 /* BelongsToCollectionDataMapper.swift in Sources */ = {isa = PBXBuildFile; fileRef = BE413AB52C4C42B700029341 /* BelongsToCollectionDataMapper.swift */; };
		BE413ABE2C4C42E900029341 /* ProductionCompanyDataMapper.swift in Sources */ = {isa = PBXBuildFile; fileRef = BE413ABD2C4C42E900029341 /* ProductionCompanyDataMapper.swift */; };
		BE413ABF2C4C42E900029341 /* ProductionCompanyDataMapper.swift in Sources */ = {isa = PBXBuildFile; fileRef = BE413ABD2C4C42E900029341 /* ProductionCompanyDataMapper.swift */; };
		BE413AC02C4C42E900029341 /* ProductionCompanyDataMapper.swift in Sources */ = {isa = PBXBuildFile; fileRef = BE413ABD2C4C42E900029341 /* ProductionCompanyDataMapper.swift */; };
		BE413AC22C4C4A1300029341 /* GenreDataMapper.swift in Sources */ = {isa = PBXBuildFile; fileRef = BE413AC12C4C4A1300029341 /* GenreDataMapper.swift */; };
		BE413AC32C4C4A1300029341 /* GenreDataMapper.swift in Sources */ = {isa = PBXBuildFile; fileRef = BE413AC12C4C4A1300029341 /* GenreDataMapper.swift */; };
		BE413AC42C4C4A1300029341 /* GenreDataMapper.swift in Sources */ = {isa = PBXBuildFile; fileRef = BE413AC12C4C4A1300029341 /* GenreDataMapper.swift */; };
		BE413AC62C4C4B0800029341 /* MovieDetailsDataMapper.swift in Sources */ = {isa = PBXBuildFile; fileRef = BE413AC52C4C4B0700029341 /* MovieDetailsDataMapper.swift */; };
		BE413AC72C4C4B0800029341 /* MovieDetailsDataMapper.swift in Sources */ = {isa = PBXBuildFile; fileRef = BE413AC52C4C4B0700029341 /* MovieDetailsDataMapper.swift */; };
		BE413AC82C4C4B0800029341 /* MovieDetailsDataMapper.swift in Sources */ = {isa = PBXBuildFile; fileRef = BE413AC52C4C4B0700029341 /* MovieDetailsDataMapper.swift */; };
		BE413ACA2C4C5BC800029341 /* GetMovieDetailsUsecase.swift in Sources */ = {isa = PBXBuildFile; fileRef = BE413AC92C4C5BC800029341 /* GetMovieDetailsUsecase.swift */; };
		BE413ACB2C4C5BC800029341 /* GetMovieDetailsUsecase.swift in Sources */ = {isa = PBXBuildFile; fileRef = BE413AC92C4C5BC800029341 /* GetMovieDetailsUsecase.swift */; };
		BE413ACC2C4C5BC800029341 /* GetMovieDetailsUsecase.swift in Sources */ = {isa = PBXBuildFile; fileRef = BE413AC92C4C5BC800029341 /* GetMovieDetailsUsecase.swift */; };
		BE413ACE2C4C5BF500029341 /* GetMovieDetailsUsecaseContract.swift in Sources */ = {isa = PBXBuildFile; fileRef = BE413ACD2C4C5BF400029341 /* GetMovieDetailsUsecaseContract.swift */; };
		BE413ACF2C4C5BF500029341 /* GetMovieDetailsUsecaseContract.swift in Sources */ = {isa = PBXBuildFile; fileRef = BE413ACD2C4C5BF400029341 /* GetMovieDetailsUsecaseContract.swift */; };
		BE413AD02C4C5BF500029341 /* GetMovieDetailsUsecaseContract.swift in Sources */ = {isa = PBXBuildFile; fileRef = BE413ACD2C4C5BF400029341 /* GetMovieDetailsUsecaseContract.swift */; };
		BE413AD22C4C5D4000029341 /* GetMovieDetailsUsecaseProvider.swift in Sources */ = {isa = PBXBuildFile; fileRef = BE413AD12C4C5D4000029341 /* GetMovieDetailsUsecaseProvider.swift */; };
		BE413AD32C4C5D4000029341 /* GetMovieDetailsUsecaseProvider.swift in Sources */ = {isa = PBXBuildFile; fileRef = BE413AD12C4C5D4000029341 /* GetMovieDetailsUsecaseProvider.swift */; };
		BE413AD42C4C5D4000029341 /* GetMovieDetailsUsecaseProvider.swift in Sources */ = {isa = PBXBuildFile; fileRef = BE413AD12C4C5D4000029341 /* GetMovieDetailsUsecaseProvider.swift */; };
		BE413AD62C4C5F2A00029341 /* MovieDetailsViewModelProvider.swift in Sources */ = {isa = PBXBuildFile; fileRef = BE413AD52C4C5F2A00029341 /* MovieDetailsViewModelProvider.swift */; };
		BE413AD72C4C5F2A00029341 /* MovieDetailsViewModelProvider.swift in Sources */ = {isa = PBXBuildFile; fileRef = BE413AD52C4C5F2A00029341 /* MovieDetailsViewModelProvider.swift */; };
		BE413AD82C4C5F2A00029341 /* MovieDetailsViewModelProvider.swift in Sources */ = {isa = PBXBuildFile; fileRef = BE413AD52C4C5F2A00029341 /* MovieDetailsViewModelProvider.swift */; };
		BE413ADA2C4D152F00029341 /* UIApplicationExtension.swift in Sources */ = {isa = PBXBuildFile; fileRef = BE413AD92C4D152F00029341 /* UIApplicationExtension.swift */; };
		BE413ADB2C4D152F00029341 /* UIApplicationExtension.swift in Sources */ = {isa = PBXBuildFile; fileRef = BE413AD92C4D152F00029341 /* UIApplicationExtension.swift */; };
		BE413ADC2C4D152F00029341 /* UIApplicationExtension.swift in Sources */ = {isa = PBXBuildFile; fileRef = BE413AD92C4D152F00029341 /* UIApplicationExtension.swift */; };
		BE413ADF2C4D993800029341 /* ProductionCompaniesCell.swift in Sources */ = {isa = PBXBuildFile; fileRef = BE413ADE2C4D993800029341 /* ProductionCompaniesCell.swift */; };
		BE4745532C49ADA100D24AA4 /* ApiClientTest.swift in Sources */ = {isa = PBXBuildFile; fileRef = BE4745522C49ADA100D24AA4 /* ApiClientTest.swift */; };
		BE4745722C49B3DB00D24AA4 /* MovieApi.swift in Sources */ = {isa = PBXBuildFile; fileRef = BE4745712C49B3DB00D24AA4 /* MovieApi.swift */; };
		BE4745732C49B3DB00D24AA4 /* MovieApi.swift in Sources */ = {isa = PBXBuildFile; fileRef = BE4745712C49B3DB00D24AA4 /* MovieApi.swift */; };
		BE47457A2C49B8FC00D24AA4 /* MovieApiTests.swift in Sources */ = {isa = PBXBuildFile; fileRef = BE4745792C49B8FC00D24AA4 /* MovieApiTests.swift */; };
		BE47457D2C49BA9500D24AA4 /* ApiClientContract.swift in Sources */ = {isa = PBXBuildFile; fileRef = BE47457C2C49BA9500D24AA4 /* ApiClientContract.swift */; };
		BE47457E2C49BA9500D24AA4 /* ApiClientContract.swift in Sources */ = {isa = PBXBuildFile; fileRef = BE47457C2C49BA9500D24AA4 /* ApiClientContract.swift */; };
		BE4745832C49CCD900D24AA4 /* MovieApiContract.swift in Sources */ = {isa = PBXBuildFile; fileRef = BE4745822C49CCD800D24AA4 /* MovieApiContract.swift */; };
		BE4745842C49CCD900D24AA4 /* MovieApiContract.swift in Sources */ = {isa = PBXBuildFile; fileRef = BE4745822C49CCD800D24AA4 /* MovieApiContract.swift */; };
		BE47458A2C49CDC100D24AA4 /* MovieServiceContract.swift in Sources */ = {isa = PBXBuildFile; fileRef = BE4745892C49CDC100D24AA4 /* MovieServiceContract.swift */; };
		BE47458B2C49CDC100D24AA4 /* MovieServiceContract.swift in Sources */ = {isa = PBXBuildFile; fileRef = BE4745892C49CDC100D24AA4 /* MovieServiceContract.swift */; };
		BE4745912C49CE9E00D24AA4 /* ListMovieApiResponse.swift in Sources */ = {isa = PBXBuildFile; fileRef = BE4745902C49CE9E00D24AA4 /* ListMovieApiResponse.swift */; };
		BE4745922C49CE9E00D24AA4 /* ListMovieApiResponse.swift in Sources */ = {isa = PBXBuildFile; fileRef = BE4745902C49CE9E00D24AA4 /* ListMovieApiResponse.swift */; };
		BE4745942C49CF0100D24AA4 /* Movie.swift in Sources */ = {isa = PBXBuildFile; fileRef = BE4745932C49CF0100D24AA4 /* Movie.swift */; };
		BE4745952C49CF0100D24AA4 /* Movie.swift in Sources */ = {isa = PBXBuildFile; fileRef = BE4745932C49CF0100D24AA4 /* Movie.swift */; };
		BE4745972C49CFE400D24AA4 /* MovieService.swift in Sources */ = {isa = PBXBuildFile; fileRef = BE4745962C49CFE300D24AA4 /* MovieService.swift */; };
		BE4745982C49CFE400D24AA4 /* MovieService.swift in Sources */ = {isa = PBXBuildFile; fileRef = BE4745962C49CFE300D24AA4 /* MovieService.swift */; };
		BE47459E2C49D57F00D24AA4 /* movieApiProvider.swift in Sources */ = {isa = PBXBuildFile; fileRef = BE47459D2C49D57F00D24AA4 /* movieApiProvider.swift */; };
		BE47459F2C49D57F00D24AA4 /* movieApiProvider.swift in Sources */ = {isa = PBXBuildFile; fileRef = BE47459D2C49D57F00D24AA4 /* movieApiProvider.swift */; };
		BE4745A52C49D80200D24AA4 /* MovieApiProviderTests.swift in Sources */ = {isa = PBXBuildFile; fileRef = BE4745A42C49D80200D24AA4 /* MovieApiProviderTests.swift */; };
		BE4745A62C49D92100D24AA4 /* ListMovieApiResponseDataMapper.swift in Sources */ = {isa = PBXBuildFile; fileRef = BE9FA91E2C488CB100CF780C /* ListMovieApiResponseDataMapper.swift */; };
		BE4745A72C49D92400D24AA4 /* ListMovieApiResponseDataModel.swift in Sources */ = {isa = PBXBuildFile; fileRef = BE9FA9182C4884BF00CF780C /* ListMovieApiResponseDataModel.swift */; };
		BE4745A82C49D92600D24AA4 /* ListMovieApiResponse.swift in Sources */ = {isa = PBXBuildFile; fileRef = BE4745902C49CE9E00D24AA4 /* ListMovieApiResponse.swift */; };
		BE4745A92C49D93D00D24AA4 /* Movie.swift in Sources */ = {isa = PBXBuildFile; fileRef = BE4745932C49CF0100D24AA4 /* Movie.swift */; };
		BE4745AC2C49DADA00D24AA4 /* MovieServiceTests.swift in Sources */ = {isa = PBXBuildFile; fileRef = BE4745AB2C49DADA00D24AA4 /* MovieServiceTests.swift */; };
		BE4745AE2C49E0F600D24AA4 /* MovieServiceProviderTests.swift in Sources */ = {isa = PBXBuildFile; fileRef = BE4745AD2C49E0F600D24AA4 /* MovieServiceProviderTests.swift */; };
		BE4745B02C49E15300D24AA4 /* MovieServiceProvider.swift in Sources */ = {isa = PBXBuildFile; fileRef = BE4745AF2C49E15300D24AA4 /* MovieServiceProvider.swift */; };
		BE4745B12C49E15300D24AA4 /* MovieServiceProvider.swift in Sources */ = {isa = PBXBuildFile; fileRef = BE4745AF2C49E15300D24AA4 /* MovieServiceProvider.swift */; };
		BE4745B22C49E15300D24AA4 /* MovieServiceProvider.swift in Sources */ = {isa = PBXBuildFile; fileRef = BE4745AF2C49E15300D24AA4 /* MovieServiceProvider.swift */; };
		BE4745B32C49E1C500D24AA4 /* MovieService.swift in Sources */ = {isa = PBXBuildFile; fileRef = BE4745962C49CFE300D24AA4 /* MovieService.swift */; };
		BE4745B42C49E1EC00D24AA4 /* MovieServiceContract.swift in Sources */ = {isa = PBXBuildFile; fileRef = BE4745892C49CDC100D24AA4 /* MovieServiceContract.swift */; };
		BE4745B52C49E1FD00D24AA4 /* MovieApiContract.swift in Sources */ = {isa = PBXBuildFile; fileRef = BE4745822C49CCD800D24AA4 /* MovieApiContract.swift */; };
		BE4745B62C49E20C00D24AA4 /* movieApiProvider.swift in Sources */ = {isa = PBXBuildFile; fileRef = BE47459D2C49D57F00D24AA4 /* movieApiProvider.swift */; };
		BE4745B72C49E21600D24AA4 /* MovieApi.swift in Sources */ = {isa = PBXBuildFile; fileRef = BE4745712C49B3DB00D24AA4 /* MovieApi.swift */; };
		BE4745B82C49E22700D24AA4 /* ApiClientContract.swift in Sources */ = {isa = PBXBuildFile; fileRef = BE47457C2C49BA9500D24AA4 /* ApiClientContract.swift */; };
		BE4745B92C49E24100D24AA4 /* ApiClient.swift in Sources */ = {isa = PBXBuildFile; fileRef = BE9FA8E92C48522500CF780C /* ApiClient.swift */; };
		BE4745C82C49E4E700D24AA4 /* GetNowPlayingUsecase.swift in Sources */ = {isa = PBXBuildFile; fileRef = BE4745C72C49E4E700D24AA4 /* GetNowPlayingUsecase.swift */; };
		BE4745C92C49E4E700D24AA4 /* GetNowPlayingUsecase.swift in Sources */ = {isa = PBXBuildFile; fileRef = BE4745C72C49E4E700D24AA4 /* GetNowPlayingUsecase.swift */; };
		BE4745CA2C49E4E700D24AA4 /* GetNowPlayingUsecase.swift in Sources */ = {isa = PBXBuildFile; fileRef = BE4745C72C49E4E700D24AA4 /* GetNowPlayingUsecase.swift */; };
		BE4745CC2C49E4F600D24AA4 /* GetPopularUsecase.swift in Sources */ = {isa = PBXBuildFile; fileRef = BE4745CB2C49E4F600D24AA4 /* GetPopularUsecase.swift */; };
		BE4745CD2C49E4F600D24AA4 /* GetPopularUsecase.swift in Sources */ = {isa = PBXBuildFile; fileRef = BE4745CB2C49E4F600D24AA4 /* GetPopularUsecase.swift */; };
		BE4745CE2C49E4F600D24AA4 /* GetPopularUsecase.swift in Sources */ = {isa = PBXBuildFile; fileRef = BE4745CB2C49E4F600D24AA4 /* GetPopularUsecase.swift */; };
		BE4745D02C49E50400D24AA4 /* GetUpcomingUsecase.swift in Sources */ = {isa = PBXBuildFile; fileRef = BE4745CF2C49E50400D24AA4 /* GetUpcomingUsecase.swift */; };
		BE4745D12C49E50400D24AA4 /* GetUpcomingUsecase.swift in Sources */ = {isa = PBXBuildFile; fileRef = BE4745CF2C49E50400D24AA4 /* GetUpcomingUsecase.swift */; };
		BE4745D22C49E50400D24AA4 /* GetUpcomingUsecase.swift in Sources */ = {isa = PBXBuildFile; fileRef = BE4745CF2C49E50400D24AA4 /* GetUpcomingUsecase.swift */; };
		BE4745D82C49E74300D24AA4 /* GetNowPlayingUsecaseTests.swift in Sources */ = {isa = PBXBuildFile; fileRef = BE4745D72C49E74300D24AA4 /* GetNowPlayingUsecaseTests.swift */; };
		BE4745DA2C49E8B200D24AA4 /* GetPopularUsecaseTests.swift in Sources */ = {isa = PBXBuildFile; fileRef = BE4745D92C49E8B100D24AA4 /* GetPopularUsecaseTests.swift */; };
		BE4745DC2C49E91200D24AA4 /* GetUpcomingUsecaseTests.swift in Sources */ = {isa = PBXBuildFile; fileRef = BE4745DB2C49E91200D24AA4 /* GetUpcomingUsecaseTests.swift */; };
		BE4745DE2C49EC3B00D24AA4 /* GetNowPlayingUsecaseProvider.swift in Sources */ = {isa = PBXBuildFile; fileRef = BE4745DD2C49EC3B00D24AA4 /* GetNowPlayingUsecaseProvider.swift */; };
		BE4745DF2C49EC3B00D24AA4 /* GetNowPlayingUsecaseProvider.swift in Sources */ = {isa = PBXBuildFile; fileRef = BE4745DD2C49EC3B00D24AA4 /* GetNowPlayingUsecaseProvider.swift */; };
		BE4745E02C49EC3B00D24AA4 /* GetNowPlayingUsecaseProvider.swift in Sources */ = {isa = PBXBuildFile; fileRef = BE4745DD2C49EC3B00D24AA4 /* GetNowPlayingUsecaseProvider.swift */; };
		BE4745E22C49EC5300D24AA4 /* GetPopularUsecaseProvider.swift in Sources */ = {isa = PBXBuildFile; fileRef = BE4745E12C49EC5300D24AA4 /* GetPopularUsecaseProvider.swift */; };
		BE4745E32C49EC5300D24AA4 /* GetPopularUsecaseProvider.swift in Sources */ = {isa = PBXBuildFile; fileRef = BE4745E12C49EC5300D24AA4 /* GetPopularUsecaseProvider.swift */; };
		BE4745E42C49EC5300D24AA4 /* GetPopularUsecaseProvider.swift in Sources */ = {isa = PBXBuildFile; fileRef = BE4745E12C49EC5300D24AA4 /* GetPopularUsecaseProvider.swift */; };
		BE4745E62C49EC6F00D24AA4 /* GetUpcomingUsecaseProvider.swift in Sources */ = {isa = PBXBuildFile; fileRef = BE4745E52C49EC6F00D24AA4 /* GetUpcomingUsecaseProvider.swift */; };
		BE4745E72C49EC6F00D24AA4 /* GetUpcomingUsecaseProvider.swift in Sources */ = {isa = PBXBuildFile; fileRef = BE4745E52C49EC6F00D24AA4 /* GetUpcomingUsecaseProvider.swift */; };
		BE4745E82C49EC6F00D24AA4 /* GetUpcomingUsecaseProvider.swift in Sources */ = {isa = PBXBuildFile; fileRef = BE4745E52C49EC6F00D24AA4 /* GetUpcomingUsecaseProvider.swift */; };
		BE4745F02C49ED1C00D24AA4 /* GetNowPlayingUsecaseProviderTests.swift in Sources */ = {isa = PBXBuildFile; fileRef = BE4745EF2C49ED1C00D24AA4 /* GetNowPlayingUsecaseProviderTests.swift */; };
		BE4745F22C49ED3900D24AA4 /* GetPopularUsecaseProviderTests.swift in Sources */ = {isa = PBXBuildFile; fileRef = BE4745F12C49ED3900D24AA4 /* GetPopularUsecaseProviderTests.swift */; };
		BE4745F42C49ED7600D24AA4 /* GetUpcomingUsecaseProviderTests.swift in Sources */ = {isa = PBXBuildFile; fileRef = BE4745F32C49ED7600D24AA4 /* GetUpcomingUsecaseProviderTests.swift */; };
		BE4745FB2C49F78D00D24AA4 /* ListMovieViewModel.swift in Sources */ = {isa = PBXBuildFile; fileRef = BE4745FA2C49F78D00D24AA4 /* ListMovieViewModel.swift */; };
		BE4745FC2C49F78D00D24AA4 /* ListMovieViewModel.swift in Sources */ = {isa = PBXBuildFile; fileRef = BE4745FA2C49F78D00D24AA4 /* ListMovieViewModel.swift */; };
		BE4745FD2C49F78D00D24AA4 /* ListMovieViewModel.swift in Sources */ = {isa = PBXBuildFile; fileRef = BE4745FA2C49F78D00D24AA4 /* ListMovieViewModel.swift */; };
		BE9FA8A92C47DA3100CF780C /* AppDelegate.swift in Sources */ = {isa = PBXBuildFile; fileRef = BE9FA8A82C47DA3100CF780C /* AppDelegate.swift */; };
		BE9FA8AB2C47DA3100CF780C /* SceneDelegate.swift in Sources */ = {isa = PBXBuildFile; fileRef = BE9FA8AA2C47DA3100CF780C /* SceneDelegate.swift */; };
		BE9FA8B02C47DA3200CF780C /* Main.storyboard in Resources */ = {isa = PBXBuildFile; fileRef = BE9FA8AE2C47DA3200CF780C /* Main.storyboard */; };
		BE9FA8B22C47DA3500CF780C /* Assets.xcassets in Resources */ = {isa = PBXBuildFile; fileRef = BE9FA8B12C47DA3500CF780C /* Assets.xcassets */; };
		BE9FA8B52C47DA3500CF780C /* LaunchScreen.storyboard in Resources */ = {isa = PBXBuildFile; fileRef = BE9FA8B32C47DA3500CF780C /* LaunchScreen.storyboard */; };
		BE9FA8C02C47DA3500CF780C /* moviedbTests.swift in Sources */ = {isa = PBXBuildFile; fileRef = BE9FA8BF2C47DA3500CF780C /* moviedbTests.swift */; };
		BE9FA8CA2C47DA3500CF780C /* moviedbUITests.swift in Sources */ = {isa = PBXBuildFile; fileRef = BE9FA8C92C47DA3500CF780C /* moviedbUITests.swift */; };
		BE9FA8CC2C47DA3500CF780C /* moviedbUITestsLaunchTests.swift in Sources */ = {isa = PBXBuildFile; fileRef = BE9FA8CB2C47DA3500CF780C /* moviedbUITestsLaunchTests.swift */; };
		BE9FA8EA2C48522500CF780C /* ApiClient.swift in Sources */ = {isa = PBXBuildFile; fileRef = BE9FA8E92C48522500CF780C /* ApiClient.swift */; };
		BE9FA8EB2C48522500CF780C /* ApiClient.swift in Sources */ = {isa = PBXBuildFile; fileRef = BE9FA8E92C48522500CF780C /* ApiClient.swift */; };
		BE9FA8EE2C48557F00CF780C /* WebserviceType.swift in Sources */ = {isa = PBXBuildFile; fileRef = BE9FA8ED2C48557F00CF780C /* WebserviceType.swift */; };
		BE9FA8EF2C48557F00CF780C /* WebserviceType.swift in Sources */ = {isa = PBXBuildFile; fileRef = BE9FA8ED2C48557F00CF780C /* WebserviceType.swift */; };
		BE9FA8F02C48557F00CF780C /* WebserviceType.swift in Sources */ = {isa = PBXBuildFile; fileRef = BE9FA8ED2C48557F00CF780C /* WebserviceType.swift */; };
		BE9FA8F82C48569D00CF780C /* LiveServerConfigurations.plist in Resources */ = {isa = PBXBuildFile; fileRef = BE9FA8F22C48569D00CF780C /* LiveServerConfigurations.plist */; };
		BE9FA8F92C48569D00CF780C /* LiveServerConfigurations.plist in Resources */ = {isa = PBXBuildFile; fileRef = BE9FA8F22C48569D00CF780C /* LiveServerConfigurations.plist */; };
		BE9FA8FA2C48569D00CF780C /* LiveServerConfigurations.plist in Resources */ = {isa = PBXBuildFile; fileRef = BE9FA8F22C48569D00CF780C /* LiveServerConfigurations.plist */; };
		BE9FA8FB2C48569D00CF780C /* TestingServerConfigurations.plist in Resources */ = {isa = PBXBuildFile; fileRef = BE9FA8F32C48569D00CF780C /* TestingServerConfigurations.plist */; };
		BE9FA8FC2C48569D00CF780C /* TestingServerConfigurations.plist in Resources */ = {isa = PBXBuildFile; fileRef = BE9FA8F32C48569D00CF780C /* TestingServerConfigurations.plist */; };
		BE9FA8FD2C48569D00CF780C /* TestingServerConfigurations.plist in Resources */ = {isa = PBXBuildFile; fileRef = BE9FA8F32C48569D00CF780C /* TestingServerConfigurations.plist */; };
		BE9FA9072C48569D00CF780C /* ServerConfigurationsManager.swift in Sources */ = {isa = PBXBuildFile; fileRef = BE9FA8F72C48569D00CF780C /* ServerConfigurationsManager.swift */; };
		BE9FA9082C48569D00CF780C /* ServerConfigurationsManager.swift in Sources */ = {isa = PBXBuildFile; fileRef = BE9FA8F72C48569D00CF780C /* ServerConfigurationsManager.swift */; };
		BE9FA9092C48569D00CF780C /* ServerConfigurationsManager.swift in Sources */ = {isa = PBXBuildFile; fileRef = BE9FA8F72C48569D00CF780C /* ServerConfigurationsManager.swift */; };
		BE9FA9152C4882A200CF780C /* MovieDataModel.dart.swift in Sources */ = {isa = PBXBuildFile; fileRef = BE9FA9142C4882A200CF780C /* MovieDataModel.dart.swift */; };
		BE9FA9162C4882A200CF780C /* MovieDataModel.dart.swift in Sources */ = {isa = PBXBuildFile; fileRef = BE9FA9142C4882A200CF780C /* MovieDataModel.dart.swift */; };
		BE9FA9172C4882A200CF780C /* MovieDataModel.dart.swift in Sources */ = {isa = PBXBuildFile; fileRef = BE9FA9142C4882A200CF780C /* MovieDataModel.dart.swift */; };
		BE9FA9192C4884BF00CF780C /* ListMovieApiResponseDataModel.swift in Sources */ = {isa = PBXBuildFile; fileRef = BE9FA9182C4884BF00CF780C /* ListMovieApiResponseDataModel.swift */; };
		BE9FA91A2C4884BF00CF780C /* ListMovieApiResponseDataModel.swift in Sources */ = {isa = PBXBuildFile; fileRef = BE9FA9182C4884BF00CF780C /* ListMovieApiResponseDataModel.swift */; };
		BE9FA91F2C488CB100CF780C /* ListMovieApiResponseDataMapper.swift in Sources */ = {isa = PBXBuildFile; fileRef = BE9FA91E2C488CB100CF780C /* ListMovieApiResponseDataMapper.swift */; };
		BE9FA9202C488CB100CF780C /* ListMovieApiResponseDataMapper.swift in Sources */ = {isa = PBXBuildFile; fileRef = BE9FA91E2C488CB100CF780C /* ListMovieApiResponseDataMapper.swift */; };
		BE9FA9242C488F1C00CF780C /* DictionaryExtension.swift in Sources */ = {isa = PBXBuildFile; fileRef = BE9FA9232C488F1C00CF780C /* DictionaryExtension.swift */; };
		BE9FA9252C488F1C00CF780C /* DictionaryExtension.swift in Sources */ = {isa = PBXBuildFile; fileRef = BE9FA9232C488F1C00CF780C /* DictionaryExtension.swift */; };
		BE9FA9262C488F1C00CF780C /* DictionaryExtension.swift in Sources */ = {isa = PBXBuildFile; fileRef = BE9FA9232C488F1C00CF780C /* DictionaryExtension.swift */; };
		BE9FA9282C4891D400CF780C /* Dates.swift in Sources */ = {isa = PBXBuildFile; fileRef = BE9FA9272C4891D400CF780C /* Dates.swift */; };
		BE9FA9292C4891D400CF780C /* Dates.swift in Sources */ = {isa = PBXBuildFile; fileRef = BE9FA9272C4891D400CF780C /* Dates.swift */; };
		BE9FA92A2C4891D400CF780C /* Dates.swift in Sources */ = {isa = PBXBuildFile; fileRef = BE9FA9272C4891D400CF780C /* Dates.swift */; };
		BE9FA92C2C4891F700CF780C /* OriginalLanguage.swift in Sources */ = {isa = PBXBuildFile; fileRef = BE9FA92B2C4891F700CF780C /* OriginalLanguage.swift */; };
		BE9FA92D2C4891F700CF780C /* OriginalLanguage.swift in Sources */ = {isa = PBXBuildFile; fileRef = BE9FA92B2C4891F700CF780C /* OriginalLanguage.swift */; };
		BE9FA92E2C4891F700CF780C /* OriginalLanguage.swift in Sources */ = {isa = PBXBuildFile; fileRef = BE9FA92B2C4891F700CF780C /* OriginalLanguage.swift */; };
		BE9FA9302C48923200CF780C /* MovieDataMapper.dart.swift in Sources */ = {isa = PBXBuildFile; fileRef = BE9FA92F2C48923200CF780C /* MovieDataMapper.dart.swift */; };
		BE9FA9312C48923200CF780C /* MovieDataMapper.dart.swift in Sources */ = {isa = PBXBuildFile; fileRef = BE9FA92F2C48923200CF780C /* MovieDataMapper.dart.swift */; };
		BE9FA9322C48923200CF780C /* MovieDataMapper.dart.swift in Sources */ = {isa = PBXBuildFile; fileRef = BE9FA92F2C48923200CF780C /* MovieDataMapper.dart.swift */; };
		BE9FA9332C4990E800CF780C /* ViewController.swift in Sources */ = {isa = PBXBuildFile; fileRef = BE9FA8AC2C47DA3100CF780C /* ViewController.swift */; };
/* End PBXBuildFile section */

/* Begin PBXContainerItemProxy section */
		BE9FA8BC2C47DA3500CF780C /* PBXContainerItemProxy */ = {
			isa = PBXContainerItemProxy;
			containerPortal = BE9FA89D2C47DA3100CF780C /* Project object */;
			proxyType = 1;
			remoteGlobalIDString = BE9FA8A42C47DA3100CF780C;
			remoteInfo = moviedb;
		};
		BE9FA8C62C47DA3500CF780C /* PBXContainerItemProxy */ = {
			isa = PBXContainerItemProxy;
			containerPortal = BE9FA89D2C47DA3100CF780C /* Project object */;
			proxyType = 1;
			remoteGlobalIDString = BE9FA8A42C47DA3100CF780C;
			remoteInfo = moviedb;
		};
/* End PBXContainerItemProxy section */

/* Begin PBXFileReference section */
		BE413A462C4AE74000029341 /* CustomNavigationBar.xib */ = {isa = PBXFileReference; fileEncoding = 4; lastKnownFileType = file.xib; path = CustomNavigationBar.xib; sourceTree = "<group>"; };
		BE413A472C4AE74000029341 /* CustomNavigationBar.swift */ = {isa = PBXFileReference; fileEncoding = 4; lastKnownFileType = sourcecode.swift; path = CustomNavigationBar.swift; sourceTree = "<group>"; };
		BE413A522C4AEB2B00029341 /* movie.xcassets */ = {isa = PBXFileReference; lastKnownFileType = folder.assetcatalog; path = movie.xcassets; sourceTree = "<group>"; };
		BE413A552C4AEFCC00029341 /* MovieItem.swift */ = {isa = PBXFileReference; fileEncoding = 4; lastKnownFileType = sourcecode.swift; path = MovieItem.swift; sourceTree = "<group>"; };
		BE413A562C4AEFCC00029341 /* MovieItem.xib */ = {isa = PBXFileReference; fileEncoding = 4; lastKnownFileType = file.xib; path = MovieItem.xib; sourceTree = "<group>"; };
		BE413A5E2C4B053900029341 /* UIViewExtension.swift */ = {isa = PBXFileReference; fileEncoding = 4; lastKnownFileType = sourcecode.swift; path = UIViewExtension.swift; sourceTree = "<group>"; };
		BE413A602C4B085500029341 /* ImageLoader.swift */ = {isa = PBXFileReference; lastKnownFileType = sourcecode.swift; path = ImageLoader.swift; sourceTree = "<group>"; };
		BE413A682C4B0D4400029341 /* NowPlayingListViewController.swift */ = {isa = PBXFileReference; lastKnownFileType = sourcecode.swift; path = NowPlayingListViewController.swift; sourceTree = "<group>"; };
		BE413A6A2C4B2A3B00029341 /* MovieItemCell.swift */ = {isa = PBXFileReference; lastKnownFileType = sourcecode.swift; path = MovieItemCell.swift; sourceTree = "<group>"; };
		BE413A6B2C4B2A3B00029341 /* MovieItemCell.xib */ = {isa = PBXFileReference; lastKnownFileType = file.xib; path = MovieItemCell.xib; sourceTree = "<group>"; };
		BE413A6E2C4BC7BD00029341 /* GetListMoviesUsecaseContract.swift */ = {isa = PBXFileReference; lastKnownFileType = sourcecode.swift; path = GetListMoviesUsecaseContract.swift; sourceTree = "<group>"; };
		BE413A722C4BCE3A00029341 /* NowPlayingListViewModel.swift */ = {isa = PBXFileReference; lastKnownFileType = sourcecode.swift; path = NowPlayingListViewModel.swift; sourceTree = "<group>"; };
		BE413A772C4BD4A800029341 /* NowPlayingListViewModelProvider.swift */ = {isa = PBXFileReference; lastKnownFileType = sourcecode.swift; path = NowPlayingListViewModelProvider.swift; sourceTree = "<group>"; };
		BE413A7C2C4BE13100029341 /* ListMovieViewModelTests.swift */ = {isa = PBXFileReference; lastKnownFileType = sourcecode.swift; path = ListMovieViewModelTests.swift; sourceTree = "<group>"; };
		BE413A822C4BE8DB00029341 /* BasicViewController.swift */ = {isa = PBXFileReference; lastKnownFileType = sourcecode.swift; path = BasicViewController.swift; sourceTree = "<group>"; };
		BE413A882C4C176100029341 /* PopularListMovieViewController.swift */ = {isa = PBXFileReference; fileEncoding = 4; lastKnownFileType = sourcecode.swift; path = PopularListMovieViewController.swift; sourceTree = "<group>"; };
		BE413A892C4C176100029341 /* PopularListMovieViewModel.swift */ = {isa = PBXFileReference; fileEncoding = 4; lastKnownFileType = sourcecode.swift; path = PopularListMovieViewModel.swift; sourceTree = "<group>"; };
		BE413A902C4C177100029341 /* UpcomingListMovieViewController.swift */ = {isa = PBXFileReference; fileEncoding = 4; lastKnownFileType = sourcecode.swift; path = UpcomingListMovieViewController.swift; sourceTree = "<group>"; };
		BE413A912C4C177100029341 /* UpcomingListMovieViewModel.swift */ = {isa = PBXFileReference; fileEncoding = 4; lastKnownFileType = sourcecode.swift; path = UpcomingListMovieViewModel.swift; sourceTree = "<group>"; };
		BE413A982C4C194D00029341 /* UpcomingListMovieViewModelProvider.swift */ = {isa = PBXFileReference; lastKnownFileType = sourcecode.swift; path = UpcomingListMovieViewModelProvider.swift; sourceTree = "<group>"; };
		BE413A9C2C4C1A1B00029341 /* PopularListMovieViewModelProvider.swift */ = {isa = PBXFileReference; lastKnownFileType = sourcecode.swift; path = PopularListMovieViewModelProvider.swift; sourceTree = "<group>"; };
		BE413AA12C4C259F00029341 /* MovieDetailsViewController.swift */ = {isa = PBXFileReference; lastKnownFileType = sourcecode.swift; path = MovieDetailsViewController.swift; sourceTree = "<group>"; };
		BE413AA52C4C25C800029341 /* MovieDetailsViewModel.swift */ = {isa = PBXFileReference; lastKnownFileType = sourcecode.swift; path = MovieDetailsViewModel.swift; sourceTree = "<group>"; };
		BE413AA92C4C3FB500029341 /* MovieDetailsDataModel.swift */ = {isa = PBXFileReference; lastKnownFileType = sourcecode.swift; path = MovieDetailsDataModel.swift; sourceTree = "<group>"; };
		BE413AAD2C4C41FB00029341 /* MovieDetails.swift */ = {isa = PBXFileReference; lastKnownFileType = sourcecode.swift; path = MovieDetails.swift; sourceTree = "<group>"; };
		BE413AB12C4C428000029341 /* ProductionCountryDataMapper.swift */ = {isa = PBXFileReference; lastKnownFileType = sourcecode.swift; path = ProductionCountryDataMapper.swift; sourceTree = "<group>"; };
		BE413AB52C4C42B700029341 /* BelongsToCollectionDataMapper.swift */ = {isa = PBXFileReference; lastKnownFileType = sourcecode.swift; path = BelongsToCollectionDataMapper.swift; sourceTree = "<group>"; };
		BE413ABD2C4C42E900029341 /* ProductionCompanyDataMapper.swift */ = {isa = PBXFileReference; lastKnownFileType = sourcecode.swift; path = ProductionCompanyDataMapper.swift; sourceTree = "<group>"; };
		BE413AC12C4C4A1300029341 /* GenreDataMapper.swift */ = {isa = PBXFileReference; lastKnownFileType = sourcecode.swift; path = GenreDataMapper.swift; sourceTree = "<group>"; };
		BE413AC52C4C4B0700029341 /* MovieDetailsDataMapper.swift */ = {isa = PBXFileReference; lastKnownFileType = sourcecode.swift; path = MovieDetailsDataMapper.swift; sourceTree = "<group>"; };
		BE413AC92C4C5BC800029341 /* GetMovieDetailsUsecase.swift */ = {isa = PBXFileReference; lastKnownFileType = sourcecode.swift; path = GetMovieDetailsUsecase.swift; sourceTree = "<group>"; };
		BE413ACD2C4C5BF400029341 /* GetMovieDetailsUsecaseContract.swift */ = {isa = PBXFileReference; lastKnownFileType = sourcecode.swift; path = GetMovieDetailsUsecaseContract.swift; sourceTree = "<group>"; };
		BE413AD12C4C5D4000029341 /* GetMovieDetailsUsecaseProvider.swift */ = {isa = PBXFileReference; lastKnownFileType = sourcecode.swift; path = GetMovieDetailsUsecaseProvider.swift; sourceTree = "<group>"; };
		BE413AD52C4C5F2A00029341 /* MovieDetailsViewModelProvider.swift */ = {isa = PBXFileReference; lastKnownFileType = sourcecode.swift; path = MovieDetailsViewModelProvider.swift; sourceTree = "<group>"; };
		BE413AD92C4D152F00029341 /* UIApplicationExtension.swift */ = {isa = PBXFileReference; lastKnownFileType = sourcecode.swift; path = UIApplicationExtension.swift; sourceTree = "<group>"; };
		BE413ADE2C4D993800029341 /* ProductionCompaniesCell.swift */ = {isa = PBXFileReference; lastKnownFileType = sourcecode.swift; path = ProductionCompaniesCell.swift; sourceTree = "<group>"; };
		BE4745522C49ADA100D24AA4 /* ApiClientTest.swift */ = {isa = PBXFileReference; lastKnownFileType = sourcecode.swift; path = ApiClientTest.swift; sourceTree = "<group>"; };
		BE4745712C49B3DB00D24AA4 /* MovieApi.swift */ = {isa = PBXFileReference; lastKnownFileType = sourcecode.swift; path = MovieApi.swift; sourceTree = "<group>"; };
		BE4745792C49B8FC00D24AA4 /* MovieApiTests.swift */ = {isa = PBXFileReference; lastKnownFileType = sourcecode.swift; path = MovieApiTests.swift; sourceTree = "<group>"; };
		BE47457C2C49BA9500D24AA4 /* ApiClientContract.swift */ = {isa = PBXFileReference; lastKnownFileType = sourcecode.swift; path = ApiClientContract.swift; sourceTree = "<group>"; };
		BE4745822C49CCD800D24AA4 /* MovieApiContract.swift */ = {isa = PBXFileReference; fileEncoding = 4; lastKnownFileType = sourcecode.swift; name = MovieApiContract.swift; path = apis_contracts/MovieApiContract.swift; sourceTree = "<group>"; };
		BE4745892C49CDC100D24AA4 /* MovieServiceContract.swift */ = {isa = PBXFileReference; lastKnownFileType = sourcecode.swift; path = MovieServiceContract.swift; sourceTree = "<group>"; };
		BE4745902C49CE9E00D24AA4 /* ListMovieApiResponse.swift */ = {isa = PBXFileReference; lastKnownFileType = sourcecode.swift; path = ListMovieApiResponse.swift; sourceTree = "<group>"; };
		BE4745932C49CF0100D24AA4 /* Movie.swift */ = {isa = PBXFileReference; lastKnownFileType = sourcecode.swift; path = Movie.swift; sourceTree = "<group>"; };
		BE4745962C49CFE300D24AA4 /* MovieService.swift */ = {isa = PBXFileReference; lastKnownFileType = sourcecode.swift; path = MovieService.swift; sourceTree = "<group>"; };
		BE47459D2C49D57F00D24AA4 /* movieApiProvider.swift */ = {isa = PBXFileReference; lastKnownFileType = sourcecode.swift; path = movieApiProvider.swift; sourceTree = "<group>"; };
		BE4745A42C49D80200D24AA4 /* MovieApiProviderTests.swift */ = {isa = PBXFileReference; lastKnownFileType = sourcecode.swift; path = MovieApiProviderTests.swift; sourceTree = "<group>"; };
		BE4745AB2C49DADA00D24AA4 /* MovieServiceTests.swift */ = {isa = PBXFileReference; lastKnownFileType = sourcecode.swift; path = MovieServiceTests.swift; sourceTree = "<group>"; };
		BE4745AD2C49E0F600D24AA4 /* MovieServiceProviderTests.swift */ = {isa = PBXFileReference; lastKnownFileType = sourcecode.swift; path = MovieServiceProviderTests.swift; sourceTree = "<group>"; };
		BE4745AF2C49E15300D24AA4 /* MovieServiceProvider.swift */ = {isa = PBXFileReference; lastKnownFileType = sourcecode.swift; path = MovieServiceProvider.swift; sourceTree = "<group>"; };
		BE4745C72C49E4E700D24AA4 /* GetNowPlayingUsecase.swift */ = {isa = PBXFileReference; lastKnownFileType = sourcecode.swift; path = GetNowPlayingUsecase.swift; sourceTree = "<group>"; };
		BE4745CB2C49E4F600D24AA4 /* GetPopularUsecase.swift */ = {isa = PBXFileReference; lastKnownFileType = sourcecode.swift; path = GetPopularUsecase.swift; sourceTree = "<group>"; };
		BE4745CF2C49E50400D24AA4 /* GetUpcomingUsecase.swift */ = {isa = PBXFileReference; lastKnownFileType = sourcecode.swift; path = GetUpcomingUsecase.swift; sourceTree = "<group>"; };
		BE4745D72C49E74300D24AA4 /* GetNowPlayingUsecaseTests.swift */ = {isa = PBXFileReference; lastKnownFileType = sourcecode.swift; path = GetNowPlayingUsecaseTests.swift; sourceTree = "<group>"; };
		BE4745D92C49E8B100D24AA4 /* GetPopularUsecaseTests.swift */ = {isa = PBXFileReference; lastKnownFileType = sourcecode.swift; path = GetPopularUsecaseTests.swift; sourceTree = "<group>"; };
		BE4745DB2C49E91200D24AA4 /* GetUpcomingUsecaseTests.swift */ = {isa = PBXFileReference; lastKnownFileType = sourcecode.swift; path = GetUpcomingUsecaseTests.swift; sourceTree = "<group>"; };
		BE4745DD2C49EC3B00D24AA4 /* GetNowPlayingUsecaseProvider.swift */ = {isa = PBXFileReference; lastKnownFileType = sourcecode.swift; path = GetNowPlayingUsecaseProvider.swift; sourceTree = "<group>"; };
		BE4745E12C49EC5300D24AA4 /* GetPopularUsecaseProvider.swift */ = {isa = PBXFileReference; lastKnownFileType = sourcecode.swift; path = GetPopularUsecaseProvider.swift; sourceTree = "<group>"; };
		BE4745E52C49EC6F00D24AA4 /* GetUpcomingUsecaseProvider.swift */ = {isa = PBXFileReference; lastKnownFileType = sourcecode.swift; path = GetUpcomingUsecaseProvider.swift; sourceTree = "<group>"; };
		BE4745EF2C49ED1C00D24AA4 /* GetNowPlayingUsecaseProviderTests.swift */ = {isa = PBXFileReference; lastKnownFileType = sourcecode.swift; path = GetNowPlayingUsecaseProviderTests.swift; sourceTree = "<group>"; };
		BE4745F12C49ED3900D24AA4 /* GetPopularUsecaseProviderTests.swift */ = {isa = PBXFileReference; lastKnownFileType = sourcecode.swift; path = GetPopularUsecaseProviderTests.swift; sourceTree = "<group>"; };
		BE4745F32C49ED7600D24AA4 /* GetUpcomingUsecaseProviderTests.swift */ = {isa = PBXFileReference; lastKnownFileType = sourcecode.swift; path = GetUpcomingUsecaseProviderTests.swift; sourceTree = "<group>"; };
		BE4745FA2C49F78D00D24AA4 /* ListMovieViewModel.swift */ = {isa = PBXFileReference; lastKnownFileType = sourcecode.swift; path = ListMovieViewModel.swift; sourceTree = "<group>"; };
		BE9FA8A52C47DA3100CF780C /* moviedb.app */ = {isa = PBXFileReference; explicitFileType = wrapper.application; includeInIndex = 0; path = moviedb.app; sourceTree = BUILT_PRODUCTS_DIR; };
		BE9FA8A82C47DA3100CF780C /* AppDelegate.swift */ = {isa = PBXFileReference; lastKnownFileType = sourcecode.swift; path = AppDelegate.swift; sourceTree = "<group>"; };
		BE9FA8AA2C47DA3100CF780C /* SceneDelegate.swift */ = {isa = PBXFileReference; lastKnownFileType = sourcecode.swift; path = SceneDelegate.swift; sourceTree = "<group>"; };
		BE9FA8AC2C47DA3100CF780C /* ViewController.swift */ = {isa = PBXFileReference; lastKnownFileType = sourcecode.swift; path = ViewController.swift; sourceTree = "<group>"; };
		BE9FA8AF2C47DA3200CF780C /* Base */ = {isa = PBXFileReference; lastKnownFileType = file.storyboard; name = Base; path = Base.lproj/Main.storyboard; sourceTree = "<group>"; };
		BE9FA8B12C47DA3500CF780C /* Assets.xcassets */ = {isa = PBXFileReference; lastKnownFileType = folder.assetcatalog; path = Assets.xcassets; sourceTree = "<group>"; };
		BE9FA8B42C47DA3500CF780C /* Base */ = {isa = PBXFileReference; lastKnownFileType = file.storyboard; name = Base; path = Base.lproj/LaunchScreen.storyboard; sourceTree = "<group>"; };
		BE9FA8B62C47DA3500CF780C /* Info.plist */ = {isa = PBXFileReference; lastKnownFileType = text.plist.xml; path = Info.plist; sourceTree = "<group>"; };
		BE9FA8BB2C47DA3500CF780C /* moviedbTests.xctest */ = {isa = PBXFileReference; explicitFileType = wrapper.cfbundle; includeInIndex = 0; path = moviedbTests.xctest; sourceTree = BUILT_PRODUCTS_DIR; };
		BE9FA8BF2C47DA3500CF780C /* moviedbTests.swift */ = {isa = PBXFileReference; lastKnownFileType = sourcecode.swift; path = moviedbTests.swift; sourceTree = "<group>"; };
		BE9FA8C52C47DA3500CF780C /* moviedbUITests.xctest */ = {isa = PBXFileReference; explicitFileType = wrapper.cfbundle; includeInIndex = 0; path = moviedbUITests.xctest; sourceTree = BUILT_PRODUCTS_DIR; };
		BE9FA8C92C47DA3500CF780C /* moviedbUITests.swift */ = {isa = PBXFileReference; lastKnownFileType = sourcecode.swift; path = moviedbUITests.swift; sourceTree = "<group>"; };
		BE9FA8CB2C47DA3500CF780C /* moviedbUITestsLaunchTests.swift */ = {isa = PBXFileReference; lastKnownFileType = sourcecode.swift; path = moviedbUITestsLaunchTests.swift; sourceTree = "<group>"; };
		BE9FA8E92C48522500CF780C /* ApiClient.swift */ = {isa = PBXFileReference; fileEncoding = 4; lastKnownFileType = sourcecode.swift; path = ApiClient.swift; sourceTree = "<group>"; };
		BE9FA8ED2C48557F00CF780C /* WebserviceType.swift */ = {isa = PBXFileReference; fileEncoding = 4; lastKnownFileType = sourcecode.swift; path = WebserviceType.swift; sourceTree = "<group>"; };
		BE9FA8F22C48569D00CF780C /* LiveServerConfigurations.plist */ = {isa = PBXFileReference; fileEncoding = 4; lastKnownFileType = text.plist.xml; path = LiveServerConfigurations.plist; sourceTree = "<group>"; };
		BE9FA8F32C48569D00CF780C /* TestingServerConfigurations.plist */ = {isa = PBXFileReference; fileEncoding = 4; lastKnownFileType = text.plist.xml; path = TestingServerConfigurations.plist; sourceTree = "<group>"; };
		BE9FA8F72C48569D00CF780C /* ServerConfigurationsManager.swift */ = {isa = PBXFileReference; fileEncoding = 4; lastKnownFileType = sourcecode.swift; path = ServerConfigurationsManager.swift; sourceTree = "<group>"; };
		BE9FA9142C4882A200CF780C /* MovieDataModel.dart.swift */ = {isa = PBXFileReference; lastKnownFileType = sourcecode.swift; path = MovieDataModel.dart.swift; sourceTree = "<group>"; };
		BE9FA9182C4884BF00CF780C /* ListMovieApiResponseDataModel.swift */ = {isa = PBXFileReference; lastKnownFileType = sourcecode.swift; path = ListMovieApiResponseDataModel.swift; sourceTree = "<group>"; };
		BE9FA91E2C488CB100CF780C /* ListMovieApiResponseDataMapper.swift */ = {isa = PBXFileReference; lastKnownFileType = sourcecode.swift; path = ListMovieApiResponseDataMapper.swift; sourceTree = "<group>"; };
		BE9FA9232C488F1C00CF780C /* DictionaryExtension.swift */ = {isa = PBXFileReference; fileEncoding = 4; lastKnownFileType = sourcecode.swift; path = DictionaryExtension.swift; sourceTree = "<group>"; };
		BE9FA9272C4891D400CF780C /* Dates.swift */ = {isa = PBXFileReference; lastKnownFileType = sourcecode.swift; path = Dates.swift; sourceTree = "<group>"; };
		BE9FA92B2C4891F700CF780C /* OriginalLanguage.swift */ = {isa = PBXFileReference; lastKnownFileType = sourcecode.swift; path = OriginalLanguage.swift; sourceTree = "<group>"; };
		BE9FA92F2C48923200CF780C /* MovieDataMapper.dart.swift */ = {isa = PBXFileReference; lastKnownFileType = sourcecode.swift; path = MovieDataMapper.dart.swift; sourceTree = "<group>"; };
/* End PBXFileReference section */

/* Begin PBXFrameworksBuildPhase section */
		BE9FA8A22C47DA3100CF780C /* Frameworks */ = {
			isa = PBXFrameworksBuildPhase;
			buildActionMask = 2147483647;
			files = (
			);
			runOnlyForDeploymentPostprocessing = 0;
		};
		BE9FA8B82C47DA3500CF780C /* Frameworks */ = {
			isa = PBXFrameworksBuildPhase;
			buildActionMask = 2147483647;
			files = (
			);
			runOnlyForDeploymentPostprocessing = 0;
		};
		BE9FA8C22C47DA3500CF780C /* Frameworks */ = {
			isa = PBXFrameworksBuildPhase;
			buildActionMask = 2147483647;
			files = (
			);
			runOnlyForDeploymentPostprocessing = 0;
		};
/* End PBXFrameworksBuildPhase section */

/* Begin PBXGroup section */
		BE413A432C4AE59500029341 /* common */ = {
			isa = PBXGroup;
			children = (
				BE413A442C4AE74000029341 /* Custom */,
			);
			path = common;
			sourceTree = "<group>";
		};
		BE413A442C4AE74000029341 /* Custom */ = {
			isa = PBXGroup;
			children = (
				BE413A542C4AEFCC00029341 /* MovieItem */,
				BE413A452C4AE74000029341 /* CustomNavigationBar */,
			);
			path = Custom;
			sourceTree = "<group>";
		};
		BE413A452C4AE74000029341 /* CustomNavigationBar */ = {
			isa = PBXGroup;
			children = (
				BE413A462C4AE74000029341 /* CustomNavigationBar.xib */,
				BE413A472C4AE74000029341 /* CustomNavigationBar.swift */,
			);
			path = CustomNavigationBar;
			sourceTree = "<group>";
		};
		BE413A512C4AEADF00029341 /* assets */ = {
			isa = PBXGroup;
			children = (
				BE413A522C4AEB2B00029341 /* movie.xcassets */,
			);
			path = assets;
			sourceTree = "<group>";
		};
		BE413A542C4AEFCC00029341 /* MovieItem */ = {
			isa = PBXGroup;
			children = (
				BE413A552C4AEFCC00029341 /* MovieItem.swift */,
				BE413A562C4AEFCC00029341 /* MovieItem.xib */,
				BE413A6A2C4B2A3B00029341 /* MovieItemCell.swift */,
				BE413A6B2C4B2A3B00029341 /* MovieItemCell.xib */,
			);
			path = MovieItem;
			sourceTree = "<group>";
		};
		BE413A672C4B0D1800029341 /* NowPlayingListView */ = {
			isa = PBXGroup;
			children = (
				BE413A682C4B0D4400029341 /* NowPlayingListViewController.swift */,
				BE413A722C4BCE3A00029341 /* NowPlayingListViewModel.swift */,
			);
			path = NowPlayingListView;
			sourceTree = "<group>";
		};
		BE413A762C4BD3DC00029341 /* viewModelProvider */ = {
			isa = PBXGroup;
			children = (
				BE413A772C4BD4A800029341 /* NowPlayingListViewModelProvider.swift */,
				BE413A982C4C194D00029341 /* UpcomingListMovieViewModelProvider.swift */,
				BE413A9C2C4C1A1B00029341 /* PopularListMovieViewModelProvider.swift */,
				BE413AD52C4C5F2A00029341 /* MovieDetailsViewModelProvider.swift */,
			);
			path = viewModelProvider;
			sourceTree = "<group>";
		};
		BE413A7B2C4BE0F400029341 /* presentation */ = {
			isa = PBXGroup;
			children = (
				BE413A7C2C4BE13100029341 /* ListMovieViewModelTests.swift */,
			);
			path = presentation;
			sourceTree = "<group>";
		};
		BE413A862C4C16D500029341 /* PopularListMovie */ = {
			isa = PBXGroup;
			children = (
				BE413A882C4C176100029341 /* PopularListMovieViewController.swift */,
				BE413A892C4C176100029341 /* PopularListMovieViewModel.swift */,
			);
			path = PopularListMovie;
			sourceTree = "<group>";
		};
		BE413A872C4C16D500029341 /* UpcomingListMovies */ = {
			isa = PBXGroup;
			children = (
				BE413A902C4C177100029341 /* UpcomingListMovieViewController.swift */,
				BE413A912C4C177100029341 /* UpcomingListMovieViewModel.swift */,
			);
			path = UpcomingListMovies;
			sourceTree = "<group>";
		};
		BE413AA02C4C258C00029341 /* movieDetails */ = {
			isa = PBXGroup;
			children = (
				BE413ADD2C4D977500029341 /* Items */,
				BE413AA12C4C259F00029341 /* MovieDetailsViewController.swift */,
				BE413AA52C4C25C800029341 /* MovieDetailsViewModel.swift */,
			);
			path = movieDetails;
			sourceTree = "<group>";
		};
		BE413ADD2C4D977500029341 /* Items */ = {
			isa = PBXGroup;
			children = (
				BE413ADE2C4D993800029341 /* ProductionCompaniesCell.swift */,
			);
			path = Items;
			sourceTree = "<group>";
		};
		BE47454E2C49AC1B00D24AA4 /* features */ = {
			isa = PBXGroup;
			children = (
				BE47454F2C49AC1B00D24AA4 /* data */,
				BE4745D32C49E6DF00D24AA4 /* domain */,
				BE413A7B2C4BE0F400029341 /* presentation */,
				BE4745A02C49D7C000D24AA4 /* dependencies */,
			);
			path = features;
			sourceTree = "<group>";
		};
		BE47454F2C49AC1B00D24AA4 /* data */ = {
			isa = PBXGroup;
			children = (
				BE4745AA2C49DAC900D24AA4 /* services */,
				BE4745782C49B8DD00D24AA4 /* apis */,
			);
			path = data;
			sourceTree = "<group>";
		};
		BE4745502C49AC9100D24AA4 /* common */ = {
			isa = PBXGroup;
			children = (
				BE4745512C49ACD600D24AA4 /* apis */,
			);
			path = common;
			sourceTree = "<group>";
		};
		BE4745512C49ACD600D24AA4 /* apis */ = {
			isa = PBXGroup;
			children = (
				BE4745522C49ADA100D24AA4 /* ApiClientTest.swift */,
			);
			path = apis;
			sourceTree = "<group>";
		};
		BE47456F2C49B3BE00D24AA4 /* dataSources */ = {
			isa = PBXGroup;
			children = (
				BE4745702C49B3BE00D24AA4 /* apis */,
			);
			path = dataSources;
			sourceTree = "<group>";
		};
		BE4745702C49B3BE00D24AA4 /* apis */ = {
			isa = PBXGroup;
			children = (
				BE4745712C49B3DB00D24AA4 /* MovieApi.swift */,
			);
			path = apis;
			sourceTree = "<group>";
		};
		BE4745742C49B47800D24AA4 /* contracts */ = {
			isa = PBXGroup;
			children = (
				BE4745822C49CCD800D24AA4 /* MovieApiContract.swift */,
			);
			path = contracts;
			sourceTree = "<group>";
		};
		BE4745782C49B8DD00D24AA4 /* apis */ = {
			isa = PBXGroup;
			children = (
				BE4745792C49B8FC00D24AA4 /* MovieApiTests.swift */,
			);
			name = apis;
			path = dataSources/apis;
			sourceTree = "<group>";
		};
		BE47457B2C49BA8000D24AA4 /* contract */ = {
			isa = PBXGroup;
			children = (
				BE47457C2C49BA9500D24AA4 /* ApiClientContract.swift */,
			);
			path = contract;
			sourceTree = "<group>";
		};
		BE4745812C49CC7B00D24AA4 /* services */ = {
			isa = PBXGroup;
			children = (
				BE4745962C49CFE300D24AA4 /* MovieService.swift */,
			);
			path = services;
			sourceTree = "<group>";
		};
		BE4745852C49CD5B00D24AA4 /* domain */ = {
			isa = PBXGroup;
			children = (
				BE4745C62C49E44900D24AA4 /* usecases */,
				BE47458F2C49CE7E00D24AA4 /* entities */,
				BE4745862C49CD5B00D24AA4 /* contracts */,
			);
			path = domain;
			sourceTree = "<group>";
		};
		BE4745862C49CD5B00D24AA4 /* contracts */ = {
			isa = PBXGroup;
			children = (
				BE4745872C49CD5B00D24AA4 /* servicesContracts */,
				BE4745882C49CD5B00D24AA4 /* usecasesContracts */,
			);
			path = contracts;
			sourceTree = "<group>";
		};
		BE4745872C49CD5B00D24AA4 /* servicesContracts */ = {
			isa = PBXGroup;
			children = (
				BE4745892C49CDC100D24AA4 /* MovieServiceContract.swift */,
			);
			path = servicesContracts;
			sourceTree = "<group>";
		};
		BE4745882C49CD5B00D24AA4 /* usecasesContracts */ = {
			isa = PBXGroup;
			children = (
				BE413A6E2C4BC7BD00029341 /* GetListMoviesUsecaseContract.swift */,
				BE413ACD2C4C5BF400029341 /* GetMovieDetailsUsecaseContract.swift */,
			);
			path = usecasesContracts;
			sourceTree = "<group>";
		};
		BE47458F2C49CE7E00D24AA4 /* entities */ = {
			isa = PBXGroup;
			children = (
				BE4745902C49CE9E00D24AA4 /* ListMovieApiResponse.swift */,
				BE4745932C49CF0100D24AA4 /* Movie.swift */,
				BE413AAD2C4C41FB00029341 /* MovieDetails.swift */,
			);
			path = entities;
			sourceTree = "<group>";
		};
		BE4745992C49D4C300D24AA4 /* dependencies */ = {
			isa = PBXGroup;
			children = (
				BE413A762C4BD3DC00029341 /* viewModelProvider */,
				BE47459B2C49D54900D24AA4 /* apisProviders */,
				BE47459C2C49D54900D24AA4 /* servicesProviders */,
				BE47459A2C49D54900D24AA4 /* usecasesProviders */,
			);
			path = dependencies;
			sourceTree = "<group>";
		};
		BE47459A2C49D54900D24AA4 /* usecasesProviders */ = {
			isa = PBXGroup;
			children = (
				BE4745DD2C49EC3B00D24AA4 /* GetNowPlayingUsecaseProvider.swift */,
				BE4745E12C49EC5300D24AA4 /* GetPopularUsecaseProvider.swift */,
				BE4745E52C49EC6F00D24AA4 /* GetUpcomingUsecaseProvider.swift */,
				BE413AD12C4C5D4000029341 /* GetMovieDetailsUsecaseProvider.swift */,
			);
			path = usecasesProviders;
			sourceTree = "<group>";
		};
		BE47459B2C49D54900D24AA4 /* apisProviders */ = {
			isa = PBXGroup;
			children = (
				BE47459D2C49D57F00D24AA4 /* movieApiProvider.swift */,
			);
			path = apisProviders;
			sourceTree = "<group>";
		};
		BE47459C2C49D54900D24AA4 /* servicesProviders */ = {
			isa = PBXGroup;
			children = (
				BE4745AF2C49E15300D24AA4 /* MovieServiceProvider.swift */,
			);
			path = servicesProviders;
			sourceTree = "<group>";
		};
		BE4745A02C49D7C000D24AA4 /* dependencies */ = {
			isa = PBXGroup;
			children = (
				BE4745A12C49D7C000D24AA4 /* servicesProviders */,
				BE4745A22C49D7C000D24AA4 /* apisProviders */,
				BE4745A32C49D7C000D24AA4 /* usecasesProviders */,
			);
			path = dependencies;
			sourceTree = "<group>";
		};
		BE4745A12C49D7C000D24AA4 /* servicesProviders */ = {
			isa = PBXGroup;
			children = (
				BE4745AD2C49E0F600D24AA4 /* MovieServiceProviderTests.swift */,
			);
			path = servicesProviders;
			sourceTree = "<group>";
		};
		BE4745A22C49D7C000D24AA4 /* apisProviders */ = {
			isa = PBXGroup;
			children = (
				BE4745A42C49D80200D24AA4 /* MovieApiProviderTests.swift */,
			);
			path = apisProviders;
			sourceTree = "<group>";
		};
		BE4745A32C49D7C000D24AA4 /* usecasesProviders */ = {
			isa = PBXGroup;
			children = (
				BE4745EF2C49ED1C00D24AA4 /* GetNowPlayingUsecaseProviderTests.swift */,
				BE4745F12C49ED3900D24AA4 /* GetPopularUsecaseProviderTests.swift */,
				BE4745F32C49ED7600D24AA4 /* GetUpcomingUsecaseProviderTests.swift */,
			);
			path = usecasesProviders;
			sourceTree = "<group>";
		};
		BE4745AA2C49DAC900D24AA4 /* services */ = {
			isa = PBXGroup;
			children = (
				BE4745AB2C49DADA00D24AA4 /* MovieServiceTests.swift */,
			);
			path = services;
			sourceTree = "<group>";
		};
		BE4745C62C49E44900D24AA4 /* usecases */ = {
			isa = PBXGroup;
			children = (
				BE4745C72C49E4E700D24AA4 /* GetNowPlayingUsecase.swift */,
				BE4745CB2C49E4F600D24AA4 /* GetPopularUsecase.swift */,
				BE4745CF2C49E50400D24AA4 /* GetUpcomingUsecase.swift */,
				BE413AC92C4C5BC800029341 /* GetMovieDetailsUsecase.swift */,
			);
			path = usecases;
			sourceTree = "<group>";
		};
		BE4745D32C49E6DF00D24AA4 /* domain */ = {
			isa = PBXGroup;
			children = (
				BE4745D42C49E70500D24AA4 /* usecases */,
			);
			path = domain;
			sourceTree = "<group>";
		};
		BE4745D42C49E70500D24AA4 /* usecases */ = {
			isa = PBXGroup;
			children = (
				BE4745D72C49E74300D24AA4 /* GetNowPlayingUsecaseTests.swift */,
				BE4745D92C49E8B100D24AA4 /* GetPopularUsecaseTests.swift */,
				BE4745DB2C49E91200D24AA4 /* GetUpcomingUsecaseTests.swift */,
			);
			path = usecases;
			sourceTree = "<group>";
		};
		BE4745F62C49F66100D24AA4 /* presentation */ = {
			isa = PBXGroup;
			children = (
				BE4745F82C49F6F600D24AA4 /* ViewModels+ViewControllers */,
			);
			path = presentation;
			sourceTree = "<group>";
		};
		BE4745F82C49F6F600D24AA4 /* ViewModels+ViewControllers */ = {
			isa = PBXGroup;
			children = (
				BE413AA02C4C258C00029341 /* movieDetails */,
				BE413A432C4AE59500029341 /* common */,
				BE4745F92C49F6F600D24AA4 /* listMovie */,
			);
			path = "ViewModels+ViewControllers";
			sourceTree = "<group>";
		};
		BE4745F92C49F6F600D24AA4 /* listMovie */ = {
			isa = PBXGroup;
			children = (
				BE413A862C4C16D500029341 /* PopularListMovie */,
				BE413A872C4C16D500029341 /* UpcomingListMovies */,
				BE413A672C4B0D1800029341 /* NowPlayingListView */,
				BE4745FA2C49F78D00D24AA4 /* ListMovieViewModel.swift */,
				BE413A822C4BE8DB00029341 /* BasicViewController.swift */,
			);
			path = listMovie;
			sourceTree = "<group>";
		};
		BE9FA89C2C47DA3100CF780C = {
			isa = PBXGroup;
			children = (
				BE9FA8A72C47DA3100CF780C /* moviedb */,
				BE9FA8BE2C47DA3500CF780C /* moviedbTests */,
				BE9FA8C82C47DA3500CF780C /* moviedbUITests */,
				BE9FA8A62C47DA3100CF780C /* Products */,
			);
			sourceTree = "<group>";
		};
		BE9FA8A62C47DA3100CF780C /* Products */ = {
			isa = PBXGroup;
			children = (
				BE9FA8A52C47DA3100CF780C /* moviedb.app */,
				BE9FA8BB2C47DA3500CF780C /* moviedbTests.xctest */,
				BE9FA8C52C47DA3500CF780C /* moviedbUITests.xctest */,
			);
			name = Products;
			sourceTree = "<group>";
		};
		BE9FA8A72C47DA3100CF780C /* moviedb */ = {
			isa = PBXGroup;
			children = (
				BE413A512C4AEADF00029341 /* assets */,
				BE9FA8DD2C484E8700CF780C /* moviedb */,
				BE9FA8A82C47DA3100CF780C /* AppDelegate.swift */,
				BE9FA8AA2C47DA3100CF780C /* SceneDelegate.swift */,
				BE9FA8AC2C47DA3100CF780C /* ViewController.swift */,
				BE9FA8AE2C47DA3200CF780C /* Main.storyboard */,
				BE9FA8B12C47DA3500CF780C /* Assets.xcassets */,
				BE9FA8B32C47DA3500CF780C /* LaunchScreen.storyboard */,
				BE9FA8B62C47DA3500CF780C /* Info.plist */,
			);
			path = moviedb;
			sourceTree = "<group>";
		};
		BE9FA8BE2C47DA3500CF780C /* moviedbTests */ = {
			isa = PBXGroup;
			children = (
				BE4745502C49AC9100D24AA4 /* common */,
				BE47454E2C49AC1B00D24AA4 /* features */,
				BE9FA8BF2C47DA3500CF780C /* moviedbTests.swift */,
			);
			path = moviedbTests;
			sourceTree = "<group>";
		};
		BE9FA8C82C47DA3500CF780C /* moviedbUITests */ = {
			isa = PBXGroup;
			children = (
				BE9FA8C92C47DA3500CF780C /* moviedbUITests.swift */,
				BE9FA8CB2C47DA3500CF780C /* moviedbUITestsLaunchTests.swift */,
			);
			path = moviedbUITests;
			sourceTree = "<group>";
		};
		BE9FA8DD2C484E8700CF780C /* moviedb */ = {
			isa = PBXGroup;
			children = (
				BE9FA90E2C48828100CF780C /* features */,
				BE9FA8DF2C484E8700CF780C /* common */,
			);
			path = moviedb;
			sourceTree = "<group>";
		};
		BE9FA8DF2C484E8700CF780C /* common */ = {
			isa = PBXGroup;
			children = (
				BE9FA9222C488F1C00CF780C /* Extensions */,
				BE9FA8F12C48569D00CF780C /* Configurations */,
				BE9FA8E42C484FCD00CF780C /* apis */,
				BE413A602C4B085500029341 /* ImageLoader.swift */,
			);
			path = common;
			sourceTree = "<group>";
		};
		BE9FA8E42C484FCD00CF780C /* apis */ = {
			isa = PBXGroup;
			children = (
				BE47457B2C49BA8000D24AA4 /* contract */,
				BE9FA8ED2C48557F00CF780C /* WebserviceType.swift */,
				BE9FA8E92C48522500CF780C /* ApiClient.swift */,
			);
			path = apis;
			sourceTree = "<group>";
		};
		BE9FA8F12C48569D00CF780C /* Configurations */ = {
			isa = PBXGroup;
			children = (
				BE9FA8F22C48569D00CF780C /* LiveServerConfigurations.plist */,
				BE9FA8F32C48569D00CF780C /* TestingServerConfigurations.plist */,
				BE9FA8F72C48569D00CF780C /* ServerConfigurationsManager.swift */,
			);
			path = Configurations;
			sourceTree = "<group>";
		};
		BE9FA90E2C48828100CF780C /* features */ = {
			isa = PBXGroup;
			children = (
				BE9FA90F2C48828100CF780C /* listMovies */,
			);
			path = features;
			sourceTree = "<group>";
		};
		BE9FA90F2C48828100CF780C /* listMovies */ = {
			isa = PBXGroup;
			children = (
				BE4745992C49D4C300D24AA4 /* dependencies */,
				BE9FA9102C48828100CF780C /* data */,
				BE4745852C49CD5B00D24AA4 /* domain */,
				BE4745F62C49F66100D24AA4 /* presentation */,
			);
			path = listMovies;
			sourceTree = "<group>";
		};
		BE9FA9102C48828100CF780C /* data */ = {
			isa = PBXGroup;
			children = (
				BE4745812C49CC7B00D24AA4 /* services */,
				BE4745742C49B47800D24AA4 /* contracts */,
				BE47456F2C49B3BE00D24AA4 /* dataSources */,
				BE9FA91C2C48893400CF780C /* mappers */,
				BE9FA9112C48828100CF780C /* models */,
			);
			path = data;
			sourceTree = "<group>";
		};
		BE9FA9112C48828100CF780C /* models */ = {
			isa = PBXGroup;
			children = (
				BE9FA9142C4882A200CF780C /* MovieDataModel.dart.swift */,
				BE9FA9182C4884BF00CF780C /* ListMovieApiResponseDataModel.swift */,
				BE9FA9272C4891D400CF780C /* Dates.swift */,
				BE413AA92C4C3FB500029341 /* MovieDetailsDataModel.swift */,
			);
			path = models;
			sourceTree = "<group>";
		};
		BE9FA91C2C48893400CF780C /* mappers */ = {
			isa = PBXGroup;
			children = (
				BE413AC52C4C4B0700029341 /* MovieDetailsDataMapper.swift */,
				BE413AC12C4C4A1300029341 /* GenreDataMapper.swift */,
				BE413AB52C4C42B700029341 /* BelongsToCollectionDataMapper.swift */,
				BE413ABD2C4C42E900029341 /* ProductionCompanyDataMapper.swift */,
				BE9FA91E2C488CB100CF780C /* ListMovieApiResponseDataMapper.swift */,
				BE413AB12C4C428000029341 /* ProductionCountryDataMapper.swift */,
				BE9FA92F2C48923200CF780C /* MovieDataMapper.dart.swift */,
				BE9FA91D2C48893400CF780C /* enums */,
			);
			path = mappers;
			sourceTree = "<group>";
		};
		BE9FA91D2C48893400CF780C /* enums */ = {
			isa = PBXGroup;
			children = (
				BE9FA92B2C4891F700CF780C /* OriginalLanguage.swift */,
			);
			path = enums;
			sourceTree = "<group>";
		};
		BE9FA9222C488F1C00CF780C /* Extensions */ = {
			isa = PBXGroup;
			children = (
				BE413A5E2C4B053900029341 /* UIViewExtension.swift */,
				BE9FA9232C488F1C00CF780C /* DictionaryExtension.swift */,
				BE413AD92C4D152F00029341 /* UIApplicationExtension.swift */,
			);
			path = Extensions;
			sourceTree = "<group>";
		};
/* End PBXGroup section */

/* Begin PBXNativeTarget section */
		BE9FA8A42C47DA3100CF780C /* moviedb */ = {
			isa = PBXNativeTarget;
			buildConfigurationList = BE9FA8CF2C47DA3500CF780C /* Build configuration list for PBXNativeTarget "moviedb" */;
			buildPhases = (
				BE9FA8A12C47DA3100CF780C /* Sources */,
				BE9FA8A22C47DA3100CF780C /* Frameworks */,
				BE9FA8A32C47DA3100CF780C /* Resources */,
			);
			buildRules = (
			);
			dependencies = (
			);
			name = moviedb;
			productName = moviedb;
			productReference = BE9FA8A52C47DA3100CF780C /* moviedb.app */;
			productType = "com.apple.product-type.application";
		};
		BE9FA8BA2C47DA3500CF780C /* moviedbTests */ = {
			isa = PBXNativeTarget;
			buildConfigurationList = BE9FA8D22C47DA3500CF780C /* Build configuration list for PBXNativeTarget "moviedbTests" */;
			buildPhases = (
				BE9FA8B72C47DA3500CF780C /* Sources */,
				BE9FA8B82C47DA3500CF780C /* Frameworks */,
				BE9FA8B92C47DA3500CF780C /* Resources */,
			);
			buildRules = (
			);
			dependencies = (
				BE9FA8BD2C47DA3500CF780C /* PBXTargetDependency */,
			);
			name = moviedbTests;
			productName = moviedbTests;
			productReference = BE9FA8BB2C47DA3500CF780C /* moviedbTests.xctest */;
			productType = "com.apple.product-type.bundle.unit-test";
		};
		BE9FA8C42C47DA3500CF780C /* moviedbUITests */ = {
			isa = PBXNativeTarget;
			buildConfigurationList = BE9FA8D52C47DA3500CF780C /* Build configuration list for PBXNativeTarget "moviedbUITests" */;
			buildPhases = (
				BE9FA8C12C47DA3500CF780C /* Sources */,
				BE9FA8C22C47DA3500CF780C /* Frameworks */,
				BE9FA8C32C47DA3500CF780C /* Resources */,
			);
			buildRules = (
			);
			dependencies = (
				BE9FA8C72C47DA3500CF780C /* PBXTargetDependency */,
			);
			name = moviedbUITests;
			productName = moviedbUITests;
			productReference = BE9FA8C52C47DA3500CF780C /* moviedbUITests.xctest */;
			productType = "com.apple.product-type.bundle.ui-testing";
		};
/* End PBXNativeTarget section */

/* Begin PBXProject section */
		BE9FA89D2C47DA3100CF780C /* Project object */ = {
			isa = PBXProject;
			attributes = {
				BuildIndependentTargetsInParallel = 1;
				LastSwiftUpdateCheck = 1520;
				LastUpgradeCheck = 1520;
				TargetAttributes = {
					BE9FA8A42C47DA3100CF780C = {
						CreatedOnToolsVersion = 15.2;
					};
					BE9FA8BA2C47DA3500CF780C = {
						CreatedOnToolsVersion = 15.2;
						TestTargetID = BE9FA8A42C47DA3100CF780C;
					};
					BE9FA8C42C47DA3500CF780C = {
						CreatedOnToolsVersion = 15.2;
						TestTargetID = BE9FA8A42C47DA3100CF780C;
					};
				};
			};
			buildConfigurationList = BE9FA8A02C47DA3100CF780C /* Build configuration list for PBXProject "moviedb" */;
			compatibilityVersion = "Xcode 14.0";
			developmentRegion = en;
			hasScannedForEncodings = 0;
			knownRegions = (
				en,
				Base,
			);
			mainGroup = BE9FA89C2C47DA3100CF780C;
			productRefGroup = BE9FA8A62C47DA3100CF780C /* Products */;
			projectDirPath = "";
			projectRoot = "";
			targets = (
				BE9FA8A42C47DA3100CF780C /* moviedb */,
				BE9FA8BA2C47DA3500CF780C /* moviedbTests */,
				BE9FA8C42C47DA3500CF780C /* moviedbUITests */,
			);
		};
/* End PBXProject section */

/* Begin PBXResourcesBuildPhase section */
		BE9FA8A32C47DA3100CF780C /* Resources */ = {
			isa = PBXResourcesBuildPhase;
			buildActionMask = 2147483647;
			files = (
				BE9FA8FB2C48569D00CF780C /* TestingServerConfigurations.plist in Resources */,
				BE9FA8B52C47DA3500CF780C /* LaunchScreen.storyboard in Resources */,
				BE413A532C4AEB2B00029341 /* movie.xcassets in Resources */,
				BE9FA8B22C47DA3500CF780C /* Assets.xcassets in Resources */,
				BE413A6D2C4B2A3B00029341 /* MovieItemCell.xib in Resources */,
				BE9FA8F82C48569D00CF780C /* LiveServerConfigurations.plist in Resources */,
				BE9FA8B02C47DA3200CF780C /* Main.storyboard in Resources */,
				BE413A582C4AEFCC00029341 /* MovieItem.xib in Resources */,
				BE413A4D2C4AE74000029341 /* CustomNavigationBar.xib in Resources */,
			);
			runOnlyForDeploymentPostprocessing = 0;
		};
		BE9FA8B92C47DA3500CF780C /* Resources */ = {
			isa = PBXResourcesBuildPhase;
			buildActionMask = 2147483647;
			files = (
				BE9FA8F92C48569D00CF780C /* LiveServerConfigurations.plist in Resources */,
				BE9FA8FC2C48569D00CF780C /* TestingServerConfigurations.plist in Resources */,
			);
			runOnlyForDeploymentPostprocessing = 0;
		};
		BE9FA8C32C47DA3500CF780C /* Resources */ = {
			isa = PBXResourcesBuildPhase;
			buildActionMask = 2147483647;
			files = (
				BE9FA8FA2C48569D00CF780C /* LiveServerConfigurations.plist in Resources */,
				BE9FA8FD2C48569D00CF780C /* TestingServerConfigurations.plist in Resources */,
			);
			runOnlyForDeploymentPostprocessing = 0;
		};
/* End PBXResourcesBuildPhase section */

/* Begin PBXSourcesBuildPhase section */
		BE9FA8A12C47DA3100CF780C /* Sources */ = {
			isa = PBXSourcesBuildPhase;
			buildActionMask = 2147483647;
			files = (
				BE413A4E2C4AE74000029341 /* CustomNavigationBar.swift in Sources */,
				BE413ADA2C4D152F00029341 /* UIApplicationExtension.swift in Sources */,
				BE4745942C49CF0100D24AA4 /* Movie.swift in Sources */,
				BE413A6F2C4BC7BD00029341 /* GetListMoviesUsecaseContract.swift in Sources */,
				BE9FA91F2C488CB100CF780C /* ListMovieApiResponseDataMapper.swift in Sources */,
				BE9FA8EE2C48557F00CF780C /* WebserviceType.swift in Sources */,
				BE9FA9302C48923200CF780C /* MovieDataMapper.dart.swift in Sources */,
				BE9FA9282C4891D400CF780C /* Dates.swift in Sources */,
				BE413AAA2C4C3FB500029341 /* MovieDetailsDataModel.swift in Sources */,
				BE9FA9072C48569D00CF780C /* ServerConfigurationsManager.swift in Sources */,
				BE413A572C4AEFCC00029341 /* MovieItem.swift in Sources */,
				BE47459E2C49D57F00D24AA4 /* movieApiProvider.swift in Sources */,
				BE47458A2C49CDC100D24AA4 /* MovieServiceContract.swift in Sources */,
				BE413A782C4BD4A800029341 /* NowPlayingListViewModelProvider.swift in Sources */,
				BE413A692C4B0D4400029341 /* NowPlayingListViewController.swift in Sources */,
				BE413AB22C4C428000029341 /* ProductionCountryDataMapper.swift in Sources */,
				BE4745E62C49EC6F00D24AA4 /* GetUpcomingUsecaseProvider.swift in Sources */,
				BE413AA22C4C259F00029341 /* MovieDetailsViewController.swift in Sources */,
				BE4745D02C49E50400D24AA4 /* GetUpcomingUsecase.swift in Sources */,
				BE413ACA2C4C5BC800029341 /* GetMovieDetailsUsecase.swift in Sources */,
				BE9FA8A92C47DA3100CF780C /* AppDelegate.swift in Sources */,
				BE9FA8AB2C47DA3100CF780C /* SceneDelegate.swift in Sources */,
				BE413AD22C4C5D4000029341 /* GetMovieDetailsUsecaseProvider.swift in Sources */,
				BE9FA9152C4882A200CF780C /* MovieDataModel.dart.swift in Sources */,
				BE4745DE2C49EC3B00D24AA4 /* GetNowPlayingUsecaseProvider.swift in Sources */,
				BE4745E22C49EC5300D24AA4 /* GetPopularUsecaseProvider.swift in Sources */,
				BE413A992C4C194D00029341 /* UpcomingListMovieViewModelProvider.swift in Sources */,
				BE413A6C2C4B2A3B00029341 /* MovieItemCell.swift in Sources */,
				BE413A922C4C177100029341 /* UpcomingListMovieViewController.swift in Sources */,
				BE413A8A2C4C176100029341 /* PopularListMovieViewController.swift in Sources */,
				BE413AD62C4C5F2A00029341 /* MovieDetailsViewModelProvider.swift in Sources */,
				BE47457D2C49BA9500D24AA4 /* ApiClientContract.swift in Sources */,
				BE413AAE2C4C41FB00029341 /* MovieDetails.swift in Sources */,
				BE413A832C4BE8DB00029341 /* BasicViewController.swift in Sources */,
				BE413A9D2C4C1A1C00029341 /* PopularListMovieViewModelProvider.swift in Sources */,
				BE4745832C49CCD900D24AA4 /* MovieApiContract.swift in Sources */,
				BE4745B02C49E15300D24AA4 /* MovieServiceProvider.swift in Sources */,
				BE413AB62C4C42B700029341 /* BelongsToCollectionDataMapper.swift in Sources */,
				BE9FA9332C4990E800CF780C /* ViewController.swift in Sources */,
				BE4745CC2C49E4F600D24AA4 /* GetPopularUsecase.swift in Sources */,
				BE9FA9242C488F1C00CF780C /* DictionaryExtension.swift in Sources */,
				BE413AC62C4C4B0800029341 /* MovieDetailsDataMapper.swift in Sources */,
				BE413ADF2C4D993800029341 /* ProductionCompaniesCell.swift in Sources */,
				BE413A8D2C4C176100029341 /* PopularListMovieViewModel.swift in Sources */,
				BE413AC22C4C4A1300029341 /* GenreDataMapper.swift in Sources */,
				BE413AA62C4C25C800029341 /* MovieDetailsViewModel.swift in Sources */,
				BE413A612C4B085500029341 /* ImageLoader.swift in Sources */,
				BE4745972C49CFE400D24AA4 /* MovieService.swift in Sources */,
				BE413ACE2C4C5BF500029341 /* GetMovieDetailsUsecaseContract.swift in Sources */,
				BE4745C82C49E4E700D24AA4 /* GetNowPlayingUsecase.swift in Sources */,
				BE413A732C4BCE3A00029341 /* NowPlayingListViewModel.swift in Sources */,
				BE9FA9192C4884BF00CF780C /* ListMovieApiResponseDataModel.swift in Sources */,
				BE4745FB2C49F78D00D24AA4 /* ListMovieViewModel.swift in Sources */,
				BE413A952C4C177100029341 /* UpcomingListMovieViewModel.swift in Sources */,
				BE4745912C49CE9E00D24AA4 /* ListMovieApiResponse.swift in Sources */,
				BE9FA92C2C4891F700CF780C /* OriginalLanguage.swift in Sources */,
				BE9FA8EA2C48522500CF780C /* ApiClient.swift in Sources */,
				BE4745722C49B3DB00D24AA4 /* MovieApi.swift in Sources */,
				BE413A5F2C4B053900029341 /* UIViewExtension.swift in Sources */,
				BE413ABE2C4C42E900029341 /* ProductionCompanyDataMapper.swift in Sources */,
			);
			runOnlyForDeploymentPostprocessing = 0;
		};
		BE9FA8B72C47DA3500CF780C /* Sources */ = {
			isa = PBXSourcesBuildPhase;
			buildActionMask = 2147483647;
			files = (
				BE4745952C49CF0100D24AA4 /* Movie.swift in Sources */,
				BE4745F42C49ED7600D24AA4 /* GetUpcomingUsecaseProviderTests.swift in Sources */,
				BE413AAF2C4C41FB00029341 /* MovieDetails.swift in Sources */,
				BE4745F02C49ED1C00D24AA4 /* GetNowPlayingUsecaseProviderTests.swift in Sources */,
				BE9FA9202C488CB100CF780C /* ListMovieApiResponseDataMapper.swift in Sources */,
				BE4745A52C49D80200D24AA4 /* MovieApiProviderTests.swift in Sources */,
				BE9FA8C02C47DA3500CF780C /* moviedbTests.swift in Sources */,
				BE47457A2C49B8FC00D24AA4 /* MovieApiTests.swift in Sources */,
				BE9FA8EB2C48522500CF780C /* ApiClient.swift in Sources */,
				BE413A742C4BCE3A00029341 /* NowPlayingListViewModel.swift in Sources */,
				BE413A8B2C4C176100029341 /* PopularListMovieViewController.swift in Sources */,
				BE4745CD2C49E4F600D24AA4 /* GetPopularUsecase.swift in Sources */,
				BE4745532C49ADA100D24AA4 /* ApiClientTest.swift in Sources */,
				BE413A842C4BE8DB00029341 /* BasicViewController.swift in Sources */,
				BE47459F2C49D57F00D24AA4 /* movieApiProvider.swift in Sources */,
				BE4745E32C49EC5300D24AA4 /* GetPopularUsecaseProvider.swift in Sources */,
				BE413A962C4C177100029341 /* UpcomingListMovieViewModel.swift in Sources */,
				BE413A932C4C177100029341 /* UpcomingListMovieViewController.swift in Sources */,
				BE413A9E2C4C1A1C00029341 /* PopularListMovieViewModelProvider.swift in Sources */,
				BE413A702C4BC7BD00029341 /* GetListMoviesUsecaseContract.swift in Sources */,
				BE47458B2C49CDC100D24AA4 /* MovieServiceContract.swift in Sources */,
				BE413ACB2C4C5BC800029341 /* GetMovieDetailsUsecase.swift in Sources */,
				BE9FA91A2C4884BF00CF780C /* ListMovieApiResponseDataModel.swift in Sources */,
				BE413A8E2C4C176100029341 /* PopularListMovieViewModel.swift in Sources */,
				BE9FA8EF2C48557F00CF780C /* WebserviceType.swift in Sources */,
				BE9FA9082C48569D00CF780C /* ServerConfigurationsManager.swift in Sources */,
				BE413ABF2C4C42E900029341 /* ProductionCompanyDataMapper.swift in Sources */,
				BE9FA92D2C4891F700CF780C /* OriginalLanguage.swift in Sources */,
				BE413AD32C4C5D4000029341 /* GetMovieDetailsUsecaseProvider.swift in Sources */,
				BE413A9A2C4C194D00029341 /* UpcomingListMovieViewModelProvider.swift in Sources */,
				BE413AA72C4C25C800029341 /* MovieDetailsViewModel.swift in Sources */,
				BE4745842C49CCD900D24AA4 /* MovieApiContract.swift in Sources */,
				BE47457E2C49BA9500D24AA4 /* ApiClientContract.swift in Sources */,
				BE413ADB2C4D152F00029341 /* UIApplicationExtension.swift in Sources */,
				BE4745C92C49E4E700D24AA4 /* GetNowPlayingUsecase.swift in Sources */,
				BE4745AC2C49DADA00D24AA4 /* MovieServiceTests.swift in Sources */,
				BE413AA32C4C259F00029341 /* MovieDetailsViewController.swift in Sources */,
				BE9FA9292C4891D400CF780C /* Dates.swift in Sources */,
				BE4745AE2C49E0F600D24AA4 /* MovieServiceProviderTests.swift in Sources */,
				BE4745F22C49ED3900D24AA4 /* GetPopularUsecaseProviderTests.swift in Sources */,
				BE4745DF2C49EC3B00D24AA4 /* GetNowPlayingUsecaseProvider.swift in Sources */,
				BE4745982C49CFE400D24AA4 /* MovieService.swift in Sources */,
				BE4745DA2C49E8B200D24AA4 /* GetPopularUsecaseTests.swift in Sources */,
				BE413A792C4BD4A800029341 /* NowPlayingListViewModelProvider.swift in Sources */,
				BE9FA9312C48923200CF780C /* MovieDataMapper.dart.swift in Sources */,
				BE413A7D2C4BE13100029341 /* ListMovieViewModelTests.swift in Sources */,
				BE4745DC2C49E91200D24AA4 /* GetUpcomingUsecaseTests.swift in Sources */,
				BE413AC32C4C4A1300029341 /* GenreDataMapper.swift in Sources */,
				BE4745922C49CE9E00D24AA4 /* ListMovieApiResponse.swift in Sources */,
				BE413AB72C4C42B700029341 /* BelongsToCollectionDataMapper.swift in Sources */,
				BE413AB32C4C428000029341 /* ProductionCountryDataMapper.swift in Sources */,
				BE9FA9162C4882A200CF780C /* MovieDataModel.dart.swift in Sources */,
				BE4745B12C49E15300D24AA4 /* MovieServiceProvider.swift in Sources */,
				BE4745D12C49E50400D24AA4 /* GetUpcomingUsecase.swift in Sources */,
				BE413ACF2C4C5BF500029341 /* GetMovieDetailsUsecaseContract.swift in Sources */,
				BE4745732C49B3DB00D24AA4 /* MovieApi.swift in Sources */,
				BE413AAB2C4C3FB500029341 /* MovieDetailsDataModel.swift in Sources */,
				BE9FA9252C488F1C00CF780C /* DictionaryExtension.swift in Sources */,
				BE4745D82C49E74300D24AA4 /* GetNowPlayingUsecaseTests.swift in Sources */,
				BE4745E72C49EC6F00D24AA4 /* GetUpcomingUsecaseProvider.swift in Sources */,
				BE413AD72C4C5F2A00029341 /* MovieDetailsViewModelProvider.swift in Sources */,
				BE4745FC2C49F78D00D24AA4 /* ListMovieViewModel.swift in Sources */,
				BE413AC72C4C4B0800029341 /* MovieDetailsDataMapper.swift in Sources */,
			);
			runOnlyForDeploymentPostprocessing = 0;
		};
		BE9FA8C12C47DA3500CF780C /* Sources */ = {
			isa = PBXSourcesBuildPhase;
			buildActionMask = 2147483647;
			files = (
				BE413AA82C4C25C800029341 /* MovieDetailsViewModel.swift in Sources */,
				BE413A942C4C177100029341 /* UpcomingListMovieViewController.swift in Sources */,
				BE4745CE2C49E4F600D24AA4 /* GetPopularUsecase.swift in Sources */,
				BE413AC02C4C42E900029341 /* ProductionCompanyDataMapper.swift in Sources */,
				BE413AD82C4C5F2A00029341 /* MovieDetailsViewModelProvider.swift in Sources */,
				BE413AA42C4C259F00029341 /* MovieDetailsViewController.swift in Sources */,
				BE4745A72C49D92400D24AA4 /* ListMovieApiResponseDataModel.swift in Sources */,
				BE413ACC2C4C5BC800029341 /* GetMovieDetailsUsecase.swift in Sources */,
				BE9FA9262C488F1C00CF780C /* DictionaryExtension.swift in Sources */,
				BE4745A82C49D92600D24AA4 /* ListMovieApiResponse.swift in Sources */,
				BE4745A62C49D92100D24AA4 /* ListMovieApiResponseDataMapper.swift in Sources */,
				BE4745E42C49EC5300D24AA4 /* GetPopularUsecaseProvider.swift in Sources */,
				BE413A7A2C4BD4A800029341 /* NowPlayingListViewModelProvider.swift in Sources */,
				BE4745D22C49E50400D24AA4 /* GetUpcomingUsecase.swift in Sources */,
				BE4745B42C49E1EC00D24AA4 /* MovieServiceContract.swift in Sources */,
				BE413A8C2C4C176100029341 /* PopularListMovieViewController.swift in Sources */,
				BE413AB02C4C41FB00029341 /* MovieDetails.swift in Sources */,
				BE4745B82C49E22700D24AA4 /* ApiClientContract.swift in Sources */,
				BE413AAC2C4C3FB500029341 /* MovieDetailsDataModel.swift in Sources */,
				BE4745B72C49E21600D24AA4 /* MovieApi.swift in Sources */,
				BE9FA92A2C4891D400CF780C /* Dates.swift in Sources */,
				BE9FA9172C4882A200CF780C /* MovieDataModel.dart.swift in Sources */,
				BE413ADC2C4D152F00029341 /* UIApplicationExtension.swift in Sources */,
				BE9FA8F02C48557F00CF780C /* WebserviceType.swift in Sources */,
				BE4745B22C49E15300D24AA4 /* MovieServiceProvider.swift in Sources */,
				BE413AD02C4C5BF500029341 /* GetMovieDetailsUsecaseContract.swift in Sources */,
				BE4745CA2C49E4E700D24AA4 /* GetNowPlayingUsecase.swift in Sources */,
				BE413AB82C4C42B700029341 /* BelongsToCollectionDataMapper.swift in Sources */,
				BE413A972C4C177100029341 /* UpcomingListMovieViewModel.swift in Sources */,
				BE4745E82C49EC6F00D24AA4 /* GetUpcomingUsecaseProvider.swift in Sources */,
				BE9FA8CA2C47DA3500CF780C /* moviedbUITests.swift in Sources */,
				BE4745B32C49E1C500D24AA4 /* MovieService.swift in Sources */,
				BE4745A92C49D93D00D24AA4 /* Movie.swift in Sources */,
				BE413AD42C4C5D4000029341 /* GetMovieDetailsUsecaseProvider.swift in Sources */,
				BE4745B92C49E24100D24AA4 /* ApiClient.swift in Sources */,
				BE413A852C4BE8DB00029341 /* BasicViewController.swift in Sources */,
				BE4745E02C49EC3B00D24AA4 /* GetNowPlayingUsecaseProvider.swift in Sources */,
				BE4745B62C49E20C00D24AA4 /* movieApiProvider.swift in Sources */,
				BE9FA9092C48569D00CF780C /* ServerConfigurationsManager.swift in Sources */,
				BE413AC82C4C4B0800029341 /* MovieDetailsDataMapper.swift in Sources */,
				BE4745FD2C49F78D00D24AA4 /* ListMovieViewModel.swift in Sources */,
				BE9FA92E2C4891F700CF780C /* OriginalLanguage.swift in Sources */,
				BE9FA9322C48923200CF780C /* MovieDataMapper.dart.swift in Sources */,
				BE413A9B2C4C194D00029341 /* UpcomingListMovieViewModelProvider.swift in Sources */,
				BE413A9F2C4C1A1C00029341 /* PopularListMovieViewModelProvider.swift in Sources */,
				BE9FA8CC2C47DA3500CF780C /* moviedbUITestsLaunchTests.swift in Sources */,
				BE4745B52C49E1FD00D24AA4 /* MovieApiContract.swift in Sources */,
				BE413AC42C4C4A1300029341 /* GenreDataMapper.swift in Sources */,
				BE413A752C4BCE3A00029341 /* NowPlayingListViewModel.swift in Sources */,
				BE413A712C4BC7BD00029341 /* GetListMoviesUsecaseContract.swift in Sources */,
				BE413AB42C4C428000029341 /* ProductionCountryDataMapper.swift in Sources */,
				BE413A8F2C4C176100029341 /* PopularListMovieViewModel.swift in Sources */,
			);
			runOnlyForDeploymentPostprocessing = 0;
		};
/* End PBXSourcesBuildPhase section */

/* Begin PBXTargetDependency section */
		BE9FA8BD2C47DA3500CF780C /* PBXTargetDependency */ = {
			isa = PBXTargetDependency;
			target = BE9FA8A42C47DA3100CF780C /* moviedb */;
			targetProxy = BE9FA8BC2C47DA3500CF780C /* PBXContainerItemProxy */;
		};
		BE9FA8C72C47DA3500CF780C /* PBXTargetDependency */ = {
			isa = PBXTargetDependency;
			target = BE9FA8A42C47DA3100CF780C /* moviedb */;
			targetProxy = BE9FA8C62C47DA3500CF780C /* PBXContainerItemProxy */;
		};
/* End PBXTargetDependency section */

/* Begin PBXVariantGroup section */
		BE9FA8AE2C47DA3200CF780C /* Main.storyboard */ = {
			isa = PBXVariantGroup;
			children = (
				BE9FA8AF2C47DA3200CF780C /* Base */,
			);
			name = Main.storyboard;
			sourceTree = "<group>";
		};
		BE9FA8B32C47DA3500CF780C /* LaunchScreen.storyboard */ = {
			isa = PBXVariantGroup;
			children = (
				BE9FA8B42C47DA3500CF780C /* Base */,
			);
			name = LaunchScreen.storyboard;
			sourceTree = "<group>";
		};
/* End PBXVariantGroup section */

/* Begin XCBuildConfiguration section */
		BE9FA8CD2C47DA3500CF780C /* Debug */ = {
			isa = XCBuildConfiguration;
			buildSettings = {
				ALWAYS_SEARCH_USER_PATHS = NO;
				ASSETCATALOG_COMPILER_GENERATE_SWIFT_ASSET_SYMBOL_EXTENSIONS = YES;
				CLANG_ANALYZER_NONNULL = YES;
				CLANG_ANALYZER_NUMBER_OBJECT_CONVERSION = YES_AGGRESSIVE;
				CLANG_CXX_LANGUAGE_STANDARD = "gnu++20";
				CLANG_ENABLE_MODULES = YES;
				CLANG_ENABLE_OBJC_ARC = YES;
				CLANG_ENABLE_OBJC_WEAK = YES;
				CLANG_WARN_BLOCK_CAPTURE_AUTORELEASING = YES;
				CLANG_WARN_BOOL_CONVERSION = YES;
				CLANG_WARN_COMMA = YES;
				CLANG_WARN_CONSTANT_CONVERSION = YES;
				CLANG_WARN_DEPRECATED_OBJC_IMPLEMENTATIONS = YES;
				CLANG_WARN_DIRECT_OBJC_ISA_USAGE = YES_ERROR;
				CLANG_WARN_DOCUMENTATION_COMMENTS = YES;
				CLANG_WARN_EMPTY_BODY = YES;
				CLANG_WARN_ENUM_CONVERSION = YES;
				CLANG_WARN_INFINITE_RECURSION = YES;
				CLANG_WARN_INT_CONVERSION = YES;
				CLANG_WARN_NON_LITERAL_NULL_CONVERSION = YES;
				CLANG_WARN_OBJC_IMPLICIT_RETAIN_SELF = YES;
				CLANG_WARN_OBJC_LITERAL_CONVERSION = YES;
				CLANG_WARN_OBJC_ROOT_CLASS = YES_ERROR;
				CLANG_WARN_QUOTED_INCLUDE_IN_FRAMEWORK_HEADER = YES;
				CLANG_WARN_RANGE_LOOP_ANALYSIS = YES;
				CLANG_WARN_STRICT_PROTOTYPES = YES;
				CLANG_WARN_SUSPICIOUS_MOVE = YES;
				CLANG_WARN_UNGUARDED_AVAILABILITY = YES_AGGRESSIVE;
				CLANG_WARN_UNREACHABLE_CODE = YES;
				CLANG_WARN__DUPLICATE_METHOD_MATCH = YES;
				COPY_PHASE_STRIP = NO;
				DEBUG_INFORMATION_FORMAT = dwarf;
				ENABLE_STRICT_OBJC_MSGSEND = YES;
				ENABLE_TESTABILITY = YES;
				ENABLE_USER_SCRIPT_SANDBOXING = YES;
				GCC_C_LANGUAGE_STANDARD = gnu17;
				GCC_DYNAMIC_NO_PIC = NO;
				GCC_NO_COMMON_BLOCKS = YES;
				GCC_OPTIMIZATION_LEVEL = 0;
				GCC_PREPROCESSOR_DEFINITIONS = (
					"DEBUG=1",
					"$(inherited)",
				);
				GCC_WARN_64_TO_32_BIT_CONVERSION = YES;
				GCC_WARN_ABOUT_RETURN_TYPE = YES_ERROR;
				GCC_WARN_UNDECLARED_SELECTOR = YES;
				GCC_WARN_UNINITIALIZED_AUTOS = YES_AGGRESSIVE;
				GCC_WARN_UNUSED_FUNCTION = YES;
				GCC_WARN_UNUSED_VARIABLE = YES;
				IPHONEOS_DEPLOYMENT_TARGET = 17.2;
				LOCALIZATION_PREFERS_STRING_CATALOGS = YES;
				MTL_ENABLE_DEBUG_INFO = INCLUDE_SOURCE;
				MTL_FAST_MATH = YES;
				ONLY_ACTIVE_ARCH = YES;
				SDKROOT = iphoneos;
				SWIFT_ACTIVE_COMPILATION_CONDITIONS = "DEBUG $(inherited)";
				SWIFT_OPTIMIZATION_LEVEL = "-Onone";
			};
			name = Debug;
		};
		BE9FA8CE2C47DA3500CF780C /* Release */ = {
			isa = XCBuildConfiguration;
			buildSettings = {
				ALWAYS_SEARCH_USER_PATHS = NO;
				ASSETCATALOG_COMPILER_GENERATE_SWIFT_ASSET_SYMBOL_EXTENSIONS = YES;
				CLANG_ANALYZER_NONNULL = YES;
				CLANG_ANALYZER_NUMBER_OBJECT_CONVERSION = YES_AGGRESSIVE;
				CLANG_CXX_LANGUAGE_STANDARD = "gnu++20";
				CLANG_ENABLE_MODULES = YES;
				CLANG_ENABLE_OBJC_ARC = YES;
				CLANG_ENABLE_OBJC_WEAK = YES;
				CLANG_WARN_BLOCK_CAPTURE_AUTORELEASING = YES;
				CLANG_WARN_BOOL_CONVERSION = YES;
				CLANG_WARN_COMMA = YES;
				CLANG_WARN_CONSTANT_CONVERSION = YES;
				CLANG_WARN_DEPRECATED_OBJC_IMPLEMENTATIONS = YES;
				CLANG_WARN_DIRECT_OBJC_ISA_USAGE = YES_ERROR;
				CLANG_WARN_DOCUMENTATION_COMMENTS = YES;
				CLANG_WARN_EMPTY_BODY = YES;
				CLANG_WARN_ENUM_CONVERSION = YES;
				CLANG_WARN_INFINITE_RECURSION = YES;
				CLANG_WARN_INT_CONVERSION = YES;
				CLANG_WARN_NON_LITERAL_NULL_CONVERSION = YES;
				CLANG_WARN_OBJC_IMPLICIT_RETAIN_SELF = YES;
				CLANG_WARN_OBJC_LITERAL_CONVERSION = YES;
				CLANG_WARN_OBJC_ROOT_CLASS = YES_ERROR;
				CLANG_WARN_QUOTED_INCLUDE_IN_FRAMEWORK_HEADER = YES;
				CLANG_WARN_RANGE_LOOP_ANALYSIS = YES;
				CLANG_WARN_STRICT_PROTOTYPES = YES;
				CLANG_WARN_SUSPICIOUS_MOVE = YES;
				CLANG_WARN_UNGUARDED_AVAILABILITY = YES_AGGRESSIVE;
				CLANG_WARN_UNREACHABLE_CODE = YES;
				CLANG_WARN__DUPLICATE_METHOD_MATCH = YES;
				COPY_PHASE_STRIP = NO;
				DEBUG_INFORMATION_FORMAT = "dwarf-with-dsym";
				ENABLE_NS_ASSERTIONS = NO;
				ENABLE_STRICT_OBJC_MSGSEND = YES;
				ENABLE_USER_SCRIPT_SANDBOXING = YES;
				GCC_C_LANGUAGE_STANDARD = gnu17;
				GCC_NO_COMMON_BLOCKS = YES;
				GCC_WARN_64_TO_32_BIT_CONVERSION = YES;
				GCC_WARN_ABOUT_RETURN_TYPE = YES_ERROR;
				GCC_WARN_UNDECLARED_SELECTOR = YES;
				GCC_WARN_UNINITIALIZED_AUTOS = YES_AGGRESSIVE;
				GCC_WARN_UNUSED_FUNCTION = YES;
				GCC_WARN_UNUSED_VARIABLE = YES;
				IPHONEOS_DEPLOYMENT_TARGET = 17.2;
				LOCALIZATION_PREFERS_STRING_CATALOGS = YES;
				MTL_ENABLE_DEBUG_INFO = NO;
				MTL_FAST_MATH = YES;
				SDKROOT = iphoneos;
				SWIFT_COMPILATION_MODE = wholemodule;
				VALIDATE_PRODUCT = YES;
			};
			name = Release;
		};
		BE9FA8D02C47DA3500CF780C /* Debug */ = {
			isa = XCBuildConfiguration;
			buildSettings = {
				ASSETCATALOG_COMPILER_APPICON_NAME = AppIcon;
				ASSETCATALOG_COMPILER_GLOBAL_ACCENT_COLOR_NAME = AccentColor;
				CODE_SIGN_STYLE = Automatic;
				CURRENT_PROJECT_VERSION = 1;
				DEVELOPMENT_TEAM = 6TUN3V2J46;
				GENERATE_INFOPLIST_FILE = YES;
				INFOPLIST_FILE = moviedb/Info.plist;
				INFOPLIST_KEY_UIApplicationSupportsIndirectInputEvents = YES;
				INFOPLIST_KEY_UILaunchStoryboardName = LaunchScreen;
				INFOPLIST_KEY_UIMainStoryboardFile = Main;
				INFOPLIST_KEY_UISupportedInterfaceOrientations_iPad = "UIInterfaceOrientationPortrait UIInterfaceOrientationPortraitUpsideDown UIInterfaceOrientationLandscapeLeft UIInterfaceOrientationLandscapeRight";
				INFOPLIST_KEY_UISupportedInterfaceOrientations_iPhone = "UIInterfaceOrientationPortrait UIInterfaceOrientationLandscapeLeft UIInterfaceOrientationLandscapeRight";
				LD_RUNPATH_SEARCH_PATHS = (
					"$(inherited)",
					"@executable_path/Frameworks",
				);
				MARKETING_VERSION = 1.0;
				PRODUCT_BUNDLE_IDENTIFIER = a.com.moviedb;
				PRODUCT_NAME = "$(TARGET_NAME)";
				SWIFT_EMIT_LOC_STRINGS = YES;
				SWIFT_VERSION = 5.0;
				TARGETED_DEVICE_FAMILY = "1,2";
			};
			name = Debug;
		};
		BE9FA8D12C47DA3500CF780C /* Release */ = {
			isa = XCBuildConfiguration;
			buildSettings = {
				ASSETCATALOG_COMPILER_APPICON_NAME = AppIcon;
				ASSETCATALOG_COMPILER_GLOBAL_ACCENT_COLOR_NAME = AccentColor;
				CODE_SIGN_STYLE = Automatic;
				CURRENT_PROJECT_VERSION = 1;
				DEVELOPMENT_TEAM = 6TUN3V2J46;
				GENERATE_INFOPLIST_FILE = YES;
				INFOPLIST_FILE = moviedb/Info.plist;
				INFOPLIST_KEY_UIApplicationSupportsIndirectInputEvents = YES;
				INFOPLIST_KEY_UILaunchStoryboardName = LaunchScreen;
				INFOPLIST_KEY_UIMainStoryboardFile = Main;
				INFOPLIST_KEY_UISupportedInterfaceOrientations_iPad = "UIInterfaceOrientationPortrait UIInterfaceOrientationPortraitUpsideDown UIInterfaceOrientationLandscapeLeft UIInterfaceOrientationLandscapeRight";
				INFOPLIST_KEY_UISupportedInterfaceOrientations_iPhone = "UIInterfaceOrientationPortrait UIInterfaceOrientationLandscapeLeft UIInterfaceOrientationLandscapeRight";
				LD_RUNPATH_SEARCH_PATHS = (
					"$(inherited)",
					"@executable_path/Frameworks",
				);
				MARKETING_VERSION = 1.0;
				PRODUCT_BUNDLE_IDENTIFIER = a.com.moviedb;
				PRODUCT_NAME = "$(TARGET_NAME)";
				SWIFT_EMIT_LOC_STRINGS = YES;
				SWIFT_VERSION = 5.0;
				TARGETED_DEVICE_FAMILY = "1,2";
			};
			name = Release;
		};
		BE9FA8D32C47DA3500CF780C /* Debug */ = {
			isa = XCBuildConfiguration;
			buildSettings = {
				ALWAYS_EMBED_SWIFT_STANDARD_LIBRARIES = YES;
				BUNDLE_LOADER = "$(TEST_HOST)";
				CODE_SIGN_STYLE = Automatic;
				CURRENT_PROJECT_VERSION = 1;
				DEVELOPMENT_TEAM = 6TUN3V2J46;
				GENERATE_INFOPLIST_FILE = YES;
				IPHONEOS_DEPLOYMENT_TARGET = 17.2;
				MARKETING_VERSION = 1.0;
				PRODUCT_BUNDLE_IDENTIFIER = a.com.moviedbTests;
				PRODUCT_NAME = "$(TARGET_NAME)";
				SWIFT_EMIT_LOC_STRINGS = NO;
				SWIFT_VERSION = 5.0;
				TARGETED_DEVICE_FAMILY = "1,2";
				TEST_HOST = "$(BUILT_PRODUCTS_DIR)/moviedb.app/$(BUNDLE_EXECUTABLE_FOLDER_PATH)/moviedb";
			};
			name = Debug;
		};
		BE9FA8D42C47DA3500CF780C /* Release */ = {
			isa = XCBuildConfiguration;
			buildSettings = {
				ALWAYS_EMBED_SWIFT_STANDARD_LIBRARIES = YES;
				BUNDLE_LOADER = "$(TEST_HOST)";
				CODE_SIGN_STYLE = Automatic;
				CURRENT_PROJECT_VERSION = 1;
				DEVELOPMENT_TEAM = 6TUN3V2J46;
				GENERATE_INFOPLIST_FILE = YES;
				IPHONEOS_DEPLOYMENT_TARGET = 17.2;
				MARKETING_VERSION = 1.0;
				PRODUCT_BUNDLE_IDENTIFIER = a.com.moviedbTests;
				PRODUCT_NAME = "$(TARGET_NAME)";
				SWIFT_EMIT_LOC_STRINGS = NO;
				SWIFT_VERSION = 5.0;
				TARGETED_DEVICE_FAMILY = "1,2";
				TEST_HOST = "$(BUILT_PRODUCTS_DIR)/moviedb.app/$(BUNDLE_EXECUTABLE_FOLDER_PATH)/moviedb";
			};
			name = Release;
		};
		BE9FA8D62C47DA3500CF780C /* Debug */ = {
			isa = XCBuildConfiguration;
			buildSettings = {
				ALWAYS_EMBED_SWIFT_STANDARD_LIBRARIES = YES;
				CODE_SIGN_STYLE = Automatic;
				CURRENT_PROJECT_VERSION = 1;
				DEVELOPMENT_TEAM = 6TUN3V2J46;
				GENERATE_INFOPLIST_FILE = YES;
				MARKETING_VERSION = 1.0;
				PRODUCT_BUNDLE_IDENTIFIER = a.com.moviedbUITests;
				PRODUCT_NAME = "$(TARGET_NAME)";
				SWIFT_EMIT_LOC_STRINGS = NO;
				SWIFT_VERSION = 5.0;
				TARGETED_DEVICE_FAMILY = "1,2";
				TEST_TARGET_NAME = moviedb;
			};
			name = Debug;
		};
		BE9FA8D72C47DA3500CF780C /* Release */ = {
			isa = XCBuildConfiguration;
			buildSettings = {
				ALWAYS_EMBED_SWIFT_STANDARD_LIBRARIES = YES;
				CODE_SIGN_STYLE = Automatic;
				CURRENT_PROJECT_VERSION = 1;
				DEVELOPMENT_TEAM = 6TUN3V2J46;
				GENERATE_INFOPLIST_FILE = YES;
				MARKETING_VERSION = 1.0;
				PRODUCT_BUNDLE_IDENTIFIER = a.com.moviedbUITests;
				PRODUCT_NAME = "$(TARGET_NAME)";
				SWIFT_EMIT_LOC_STRINGS = NO;
				SWIFT_VERSION = 5.0;
				TARGETED_DEVICE_FAMILY = "1,2";
				TEST_TARGET_NAME = moviedb;
			};
			name = Release;
		};
/* End XCBuildConfiguration section */

/* Begin XCConfigurationList section */
		BE9FA8A02C47DA3100CF780C /* Build configuration list for PBXProject "moviedb" */ = {
			isa = XCConfigurationList;
			buildConfigurations = (
				BE9FA8CD2C47DA3500CF780C /* Debug */,
				BE9FA8CE2C47DA3500CF780C /* Release */,
			);
			defaultConfigurationIsVisible = 0;
			defaultConfigurationName = Release;
		};
		BE9FA8CF2C47DA3500CF780C /* Build configuration list for PBXNativeTarget "moviedb" */ = {
			isa = XCConfigurationList;
			buildConfigurations = (
				BE9FA8D02C47DA3500CF780C /* Debug */,
				BE9FA8D12C47DA3500CF780C /* Release */,
			);
			defaultConfigurationIsVisible = 0;
			defaultConfigurationName = Release;
		};
		BE9FA8D22C47DA3500CF780C /* Build configuration list for PBXNativeTarget "moviedbTests" */ = {
			isa = XCConfigurationList;
			buildConfigurations = (
				BE9FA8D32C47DA3500CF780C /* Debug */,
				BE9FA8D42C47DA3500CF780C /* Release */,
			);
			defaultConfigurationIsVisible = 0;
			defaultConfigurationName = Release;
		};
		BE9FA8D52C47DA3500CF780C /* Build configuration list for PBXNativeTarget "moviedbUITests" */ = {
			isa = XCConfigurationList;
			buildConfigurations = (
				BE9FA8D62C47DA3500CF780C /* Debug */,
				BE9FA8D72C47DA3500CF780C /* Release */,
			);
			defaultConfigurationIsVisible = 0;
			defaultConfigurationName = Release;
		};
/* End XCConfigurationList section */
	};
	rootObject = BE9FA89D2C47DA3100CF780C /* Project object */;
}
